// !$*UTF8*$!
{
	archiveVersion = 1;
	classes = {
	};
	objectVersion = 50;
	objects = {

/* Begin PBXBuildFile section */
		590A4EC3B5D70489772F041E /* Pods_FirestoreTodo_FirestoreTodoUITests.framework in Frameworks */ = {isa = PBXBuildFile; fileRef = 050DCE86A74A916882EA9AB2 /* Pods_FirestoreTodo_FirestoreTodoUITests.framework */; };
		65FCD3F3FDE5A138462C7C9F /* Pods_FirestoreTodoTests.framework in Frameworks */ = {isa = PBXBuildFile; fileRef = 2FCD480E10D806794F58180C /* Pods_FirestoreTodoTests.framework */; };
		B6579CF624C8660000CCD5BF /* TaskListViewModel.swift in Sources */ = {isa = PBXBuildFile; fileRef = B6579CF524C8660000CCD5BF /* TaskListViewModel.swift */; };
		B6DFD24524C85E2C00EDA575 /* AppDelegate.swift in Sources */ = {isa = PBXBuildFile; fileRef = B6DFD24424C85E2C00EDA575 /* AppDelegate.swift */; };
		B6DFD24724C85E2C00EDA575 /* SceneDelegate.swift in Sources */ = {isa = PBXBuildFile; fileRef = B6DFD24624C85E2C00EDA575 /* SceneDelegate.swift */; };
		B6DFD24924C85E2C00EDA575 /* TaskListView.swift in Sources */ = {isa = PBXBuildFile; fileRef = B6DFD24824C85E2C00EDA575 /* TaskListView.swift */; };
		B6DFD24B24C85E2D00EDA575 /* Assets.xcassets in Resources */ = {isa = PBXBuildFile; fileRef = B6DFD24A24C85E2D00EDA575 /* Assets.xcassets */; };
		B6DFD24E24C85E2D00EDA575 /* Preview Assets.xcassets in Resources */ = {isa = PBXBuildFile; fileRef = B6DFD24D24C85E2D00EDA575 /* Preview Assets.xcassets */; };
		B6DFD25124C85E2D00EDA575 /* LaunchScreen.storyboard in Resources */ = {isa = PBXBuildFile; fileRef = B6DFD24F24C85E2D00EDA575 /* LaunchScreen.storyboard */; };
		B6DFD25C24C85E2D00EDA575 /* FirestoreTodoTests.swift in Sources */ = {isa = PBXBuildFile; fileRef = B6DFD25B24C85E2D00EDA575 /* FirestoreTodoTests.swift */; };
		B6DFD26724C85E2D00EDA575 /* FirestoreTodoUITests.swift in Sources */ = {isa = PBXBuildFile; fileRef = B6DFD26624C85E2D00EDA575 /* FirestoreTodoUITests.swift */; };
		B6DFD27624C85F1900EDA575 /* Task.swift in Sources */ = {isa = PBXBuildFile; fileRef = B6DFD27524C85F1900EDA575 /* Task.swift */; };
		B6DFD27A24C8634500EDA575 /* TaskCellViewModel.swift in Sources */ = {isa = PBXBuildFile; fileRef = B6DFD27924C8634500EDA575 /* TaskCellViewModel.swift */; };
		D62E25C393285C12A609513E /* Pods_FirestoreTodo.framework in Frameworks */ = {isa = PBXBuildFile; fileRef = CB640D4BB8DFF36B19F810FA /* Pods_FirestoreTodo.framework */; };
/* End PBXBuildFile section */

/* Begin PBXContainerItemProxy section */
		B6DFD25824C85E2D00EDA575 /* PBXContainerItemProxy */ = {
			isa = PBXContainerItemProxy;
			containerPortal = B6DFD23924C85E2C00EDA575 /* Project object */;
			proxyType = 1;
			remoteGlobalIDString = B6DFD24024C85E2C00EDA575;
			remoteInfo = FirestoreTodo;
		};
		B6DFD26324C85E2D00EDA575 /* PBXContainerItemProxy */ = {
			isa = PBXContainerItemProxy;
			containerPortal = B6DFD23924C85E2C00EDA575 /* Project object */;
			proxyType = 1;
			remoteGlobalIDString = B6DFD24024C85E2C00EDA575;
			remoteInfo = FirestoreTodo;
		};
/* End PBXContainerItemProxy section */

/* Begin PBXFileReference section */
		050DCE86A74A916882EA9AB2 /* Pods_FirestoreTodo_FirestoreTodoUITests.framework */ = {isa = PBXFileReference; explicitFileType = wrapper.framework; includeInIndex = 0; path = Pods_FirestoreTodo_FirestoreTodoUITests.framework; sourceTree = BUILT_PRODUCTS_DIR; };
		2FCD480E10D806794F58180C /* Pods_FirestoreTodoTests.framework */ = {isa = PBXFileReference; explicitFileType = wrapper.framework; includeInIndex = 0; path = Pods_FirestoreTodoTests.framework; sourceTree = BUILT_PRODUCTS_DIR; };
		47FEFF94702EC952BC3A39DD /* Pods-FirestoreTodoTests.debug.xcconfig */ = {isa = PBXFileReference; includeInIndex = 1; lastKnownFileType = text.xcconfig; name = "Pods-FirestoreTodoTests.debug.xcconfig"; path = "Target Support Files/Pods-FirestoreTodoTests/Pods-FirestoreTodoTests.debug.xcconfig"; sourceTree = "<group>"; };
		5F0CE73613494D964335753A /* Pods-FirestoreTodo.release.xcconfig */ = {isa = PBXFileReference; includeInIndex = 1; lastKnownFileType = text.xcconfig; name = "Pods-FirestoreTodo.release.xcconfig"; path = "Target Support Files/Pods-FirestoreTodo/Pods-FirestoreTodo.release.xcconfig"; sourceTree = "<group>"; };
		A88C6A2062C1B83B14F351BE /* Pods-FirestoreTodo.debug.xcconfig */ = {isa = PBXFileReference; includeInIndex = 1; lastKnownFileType = text.xcconfig; name = "Pods-FirestoreTodo.debug.xcconfig"; path = "Target Support Files/Pods-FirestoreTodo/Pods-FirestoreTodo.debug.xcconfig"; sourceTree = "<group>"; };
		B6579CF524C8660000CCD5BF /* TaskListViewModel.swift */ = {isa = PBXFileReference; lastKnownFileType = sourcecode.swift; path = TaskListViewModel.swift; sourceTree = "<group>"; };
		B6DFD24124C85E2C00EDA575 /* FirestoreTodo.app */ = {isa = PBXFileReference; explicitFileType = wrapper.application; includeInIndex = 0; path = FirestoreTodo.app; sourceTree = BUILT_PRODUCTS_DIR; };
		B6DFD24424C85E2C00EDA575 /* AppDelegate.swift */ = {isa = PBXFileReference; lastKnownFileType = sourcecode.swift; path = AppDelegate.swift; sourceTree = "<group>"; };
		B6DFD24624C85E2C00EDA575 /* SceneDelegate.swift */ = {isa = PBXFileReference; lastKnownFileType = sourcecode.swift; path = SceneDelegate.swift; sourceTree = "<group>"; };
		B6DFD24824C85E2C00EDA575 /* TaskListView.swift */ = {isa = PBXFileReference; lastKnownFileType = sourcecode.swift; path = TaskListView.swift; sourceTree = "<group>"; };
		B6DFD24A24C85E2D00EDA575 /* Assets.xcassets */ = {isa = PBXFileReference; lastKnownFileType = folder.assetcatalog; path = Assets.xcassets; sourceTree = "<group>"; };
		B6DFD24D24C85E2D00EDA575 /* Preview Assets.xcassets */ = {isa = PBXFileReference; lastKnownFileType = folder.assetcatalog; path = "Preview Assets.xcassets"; sourceTree = "<group>"; };
		B6DFD25024C85E2D00EDA575 /* Base */ = {isa = PBXFileReference; lastKnownFileType = file.storyboard; name = Base; path = Base.lproj/LaunchScreen.storyboard; sourceTree = "<group>"; };
		B6DFD25224C85E2D00EDA575 /* Info.plist */ = {isa = PBXFileReference; lastKnownFileType = text.plist.xml; path = Info.plist; sourceTree = "<group>"; };
		B6DFD25724C85E2D00EDA575 /* FirestoreTodoTests.xctest */ = {isa = PBXFileReference; explicitFileType = wrapper.cfbundle; includeInIndex = 0; path = FirestoreTodoTests.xctest; sourceTree = BUILT_PRODUCTS_DIR; };
		B6DFD25B24C85E2D00EDA575 /* FirestoreTodoTests.swift */ = {isa = PBXFileReference; lastKnownFileType = sourcecode.swift; path = FirestoreTodoTests.swift; sourceTree = "<group>"; };
		B6DFD25D24C85E2D00EDA575 /* Info.plist */ = {isa = PBXFileReference; lastKnownFileType = text.plist.xml; path = Info.plist; sourceTree = "<group>"; };
		B6DFD26224C85E2D00EDA575 /* FirestoreTodoUITests.xctest */ = {isa = PBXFileReference; explicitFileType = wrapper.cfbundle; includeInIndex = 0; path = FirestoreTodoUITests.xctest; sourceTree = BUILT_PRODUCTS_DIR; };
		B6DFD26624C85E2D00EDA575 /* FirestoreTodoUITests.swift */ = {isa = PBXFileReference; lastKnownFileType = sourcecode.swift; path = FirestoreTodoUITests.swift; sourceTree = "<group>"; };
		B6DFD26824C85E2D00EDA575 /* Info.plist */ = {isa = PBXFileReference; lastKnownFileType = text.plist.xml; path = Info.plist; sourceTree = "<group>"; };
		B6DFD27524C85F1900EDA575 /* Task.swift */ = {isa = PBXFileReference; lastKnownFileType = sourcecode.swift; path = Task.swift; sourceTree = "<group>"; };
		B6DFD27924C8634500EDA575 /* TaskCellViewModel.swift */ = {isa = PBXFileReference; lastKnownFileType = sourcecode.swift; path = TaskCellViewModel.swift; sourceTree = "<group>"; };
		CB640D4BB8DFF36B19F810FA /* Pods_FirestoreTodo.framework */ = {isa = PBXFileReference; explicitFileType = wrapper.framework; includeInIndex = 0; path = Pods_FirestoreTodo.framework; sourceTree = BUILT_PRODUCTS_DIR; };
		D96820AA6DA3DCBC60F6937F /* Pods-FirestoreTodoTests.release.xcconfig */ = {isa = PBXFileReference; includeInIndex = 1; lastKnownFileType = text.xcconfig; name = "Pods-FirestoreTodoTests.release.xcconfig"; path = "Target Support Files/Pods-FirestoreTodoTests/Pods-FirestoreTodoTests.release.xcconfig"; sourceTree = "<group>"; };
		F4D20DD96F6A870BF615FCD2 /* Pods-FirestoreTodo-FirestoreTodoUITests.debug.xcconfig */ = {isa = PBXFileReference; includeInIndex = 1; lastKnownFileType = text.xcconfig; name = "Pods-FirestoreTodo-FirestoreTodoUITests.debug.xcconfig"; path = "Target Support Files/Pods-FirestoreTodo-FirestoreTodoUITests/Pods-FirestoreTodo-FirestoreTodoUITests.debug.xcconfig"; sourceTree = "<group>"; };
		FD7E085520C3769B8B43339B /* Pods-FirestoreTodo-FirestoreTodoUITests.release.xcconfig */ = {isa = PBXFileReference; includeInIndex = 1; lastKnownFileType = text.xcconfig; name = "Pods-FirestoreTodo-FirestoreTodoUITests.release.xcconfig"; path = "Target Support Files/Pods-FirestoreTodo-FirestoreTodoUITests/Pods-FirestoreTodo-FirestoreTodoUITests.release.xcconfig"; sourceTree = "<group>"; };
/* End PBXFileReference section */

/* Begin PBXFrameworksBuildPhase section */
		B6DFD23E24C85E2C00EDA575 /* Frameworks */ = {
			isa = PBXFrameworksBuildPhase;
			buildActionMask = 2147483647;
			files = (
				D62E25C393285C12A609513E /* Pods_FirestoreTodo.framework in Frameworks */,
			);
			runOnlyForDeploymentPostprocessing = 0;
		};
		B6DFD25424C85E2D00EDA575 /* Frameworks */ = {
			isa = PBXFrameworksBuildPhase;
			buildActionMask = 2147483647;
			files = (
				65FCD3F3FDE5A138462C7C9F /* Pods_FirestoreTodoTests.framework in Frameworks */,
			);
			runOnlyForDeploymentPostprocessing = 0;
		};
		B6DFD25F24C85E2D00EDA575 /* Frameworks */ = {
			isa = PBXFrameworksBuildPhase;
			buildActionMask = 2147483647;
			files = (
				590A4EC3B5D70489772F041E /* Pods_FirestoreTodo_FirestoreTodoUITests.framework in Frameworks */,
			);
			runOnlyForDeploymentPostprocessing = 0;
		};
/* End PBXFrameworksBuildPhase section */

/* Begin PBXGroup section */
		3AF86C6EAAC95703F897C59D /* Pods */ = {
			isa = PBXGroup;
			children = (
				A88C6A2062C1B83B14F351BE /* Pods-FirestoreTodo.debug.xcconfig */,
				5F0CE73613494D964335753A /* Pods-FirestoreTodo.release.xcconfig */,
				F4D20DD96F6A870BF615FCD2 /* Pods-FirestoreTodo-FirestoreTodoUITests.debug.xcconfig */,
				FD7E085520C3769B8B43339B /* Pods-FirestoreTodo-FirestoreTodoUITests.release.xcconfig */,
				47FEFF94702EC952BC3A39DD /* Pods-FirestoreTodoTests.debug.xcconfig */,
				D96820AA6DA3DCBC60F6937F /* Pods-FirestoreTodoTests.release.xcconfig */,
			);
			path = Pods;
			sourceTree = "<group>";
		};
		3B03BB5A08FB7FF184DAA363 /* Frameworks */ = {
			isa = PBXGroup;
			children = (
				CB640D4BB8DFF36B19F810FA /* Pods_FirestoreTodo.framework */,
				050DCE86A74A916882EA9AB2 /* Pods_FirestoreTodo_FirestoreTodoUITests.framework */,
				2FCD480E10D806794F58180C /* Pods_FirestoreTodoTests.framework */,
			);
			name = Frameworks;
			sourceTree = "<group>";
		};
		B6DFD23824C85E2C00EDA575 = {
			isa = PBXGroup;
			children = (
				B6DFD24324C85E2C00EDA575 /* FirestoreTodo */,
				B6DFD25A24C85E2D00EDA575 /* FirestoreTodoTests */,
				B6DFD26524C85E2D00EDA575 /* FirestoreTodoUITests */,
				B6DFD24224C85E2C00EDA575 /* Products */,
				3AF86C6EAAC95703F897C59D /* Pods */,
				3B03BB5A08FB7FF184DAA363 /* Frameworks */,
			);
			sourceTree = "<group>";
		};
		B6DFD24224C85E2C00EDA575 /* Products */ = {
			isa = PBXGroup;
			children = (
				B6DFD24124C85E2C00EDA575 /* FirestoreTodo.app */,
				B6DFD25724C85E2D00EDA575 /* FirestoreTodoTests.xctest */,
				B6DFD26224C85E2D00EDA575 /* FirestoreTodoUITests.xctest */,
			);
			name = Products;
			sourceTree = "<group>";
		};
		B6DFD24324C85E2C00EDA575 /* FirestoreTodo */ = {
			isa = PBXGroup;
			children = (
				B6DFD27424C85F0A00EDA575 /* Model */,
				B6DFD27B24C8643200EDA575 /* ViewModel */,
				B6DFD27724C85FE800EDA575 /* App */,
				B6DFD27824C85FF300EDA575 /* View */,
				B6DFD24A24C85E2D00EDA575 /* Assets.xcassets */,
				B6DFD24F24C85E2D00EDA575 /* LaunchScreen.storyboard */,
				B6DFD25224C85E2D00EDA575 /* Info.plist */,
				B6DFD24C24C85E2D00EDA575 /* Preview Content */,
			);
			path = FirestoreTodo;
			sourceTree = "<group>";
		};
		B6DFD24C24C85E2D00EDA575 /* Preview Content */ = {
			isa = PBXGroup;
			children = (
				B6DFD24D24C85E2D00EDA575 /* Preview Assets.xcassets */,
			);
			path = "Preview Content";
			sourceTree = "<group>";
		};
		B6DFD25A24C85E2D00EDA575 /* FirestoreTodoTests */ = {
			isa = PBXGroup;
			children = (
				B6DFD25B24C85E2D00EDA575 /* FirestoreTodoTests.swift */,
				B6DFD25D24C85E2D00EDA575 /* Info.plist */,
			);
			path = FirestoreTodoTests;
			sourceTree = "<group>";
		};
		B6DFD26524C85E2D00EDA575 /* FirestoreTodoUITests */ = {
			isa = PBXGroup;
			children = (
				B6DFD26624C85E2D00EDA575 /* FirestoreTodoUITests.swift */,
				B6DFD26824C85E2D00EDA575 /* Info.plist */,
			);
			path = FirestoreTodoUITests;
			sourceTree = "<group>";
		};
		B6DFD27424C85F0A00EDA575 /* Model */ = {
			isa = PBXGroup;
			children = (
				B6DFD27524C85F1900EDA575 /* Task.swift */,
			);
			path = Model;
			sourceTree = "<group>";
		};
		B6DFD27724C85FE800EDA575 /* App */ = {
			isa = PBXGroup;
			children = (
				B6DFD24424C85E2C00EDA575 /* AppDelegate.swift */,
				B6DFD24624C85E2C00EDA575 /* SceneDelegate.swift */,
			);
			path = App;
			sourceTree = "<group>";
		};
		B6DFD27824C85FF300EDA575 /* View */ = {
			isa = PBXGroup;
			children = (
				B6DFD24824C85E2C00EDA575 /* TaskListView.swift */,
			);
			path = View;
			sourceTree = "<group>";
		};
		B6DFD27B24C8643200EDA575 /* ViewModel */ = {
			isa = PBXGroup;
			children = (
				B6DFD27924C8634500EDA575 /* TaskCellViewModel.swift */,
				B6579CF524C8660000CCD5BF /* TaskListViewModel.swift */,
			);
			path = ViewModel;
			sourceTree = "<group>";
		};
/* End PBXGroup section */

/* Begin PBXNativeTarget section */
		B6DFD24024C85E2C00EDA575 /* FirestoreTodo */ = {
			isa = PBXNativeTarget;
			buildConfigurationList = B6DFD26B24C85E2D00EDA575 /* Build configuration list for PBXNativeTarget "FirestoreTodo" */;
			buildPhases = (
				264F7CF8BE3456FD8887FECB /* [CP] Check Pods Manifest.lock */,
				B6DFD23D24C85E2C00EDA575 /* Sources */,
				B6DFD23E24C85E2C00EDA575 /* Frameworks */,
				B6DFD23F24C85E2C00EDA575 /* Resources */,
			);
			buildRules = (
			);
			dependencies = (
			);
			name = FirestoreTodo;
			productName = FirestoreTodo;
			productReference = B6DFD24124C85E2C00EDA575 /* FirestoreTodo.app */;
			productType = "com.apple.product-type.application";
		};
		B6DFD25624C85E2D00EDA575 /* FirestoreTodoTests */ = {
			isa = PBXNativeTarget;
			buildConfigurationList = B6DFD26E24C85E2D00EDA575 /* Build configuration list for PBXNativeTarget "FirestoreTodoTests" */;
			buildPhases = (
				835EE3DC6BDFEAF08C0DA1E8 /* [CP] Check Pods Manifest.lock */,
				B6DFD25324C85E2D00EDA575 /* Sources */,
				B6DFD25424C85E2D00EDA575 /* Frameworks */,
				B6DFD25524C85E2D00EDA575 /* Resources */,
			);
			buildRules = (
			);
			dependencies = (
				B6DFD25924C85E2D00EDA575 /* PBXTargetDependency */,
			);
			name = FirestoreTodoTests;
			productName = FirestoreTodoTests;
			productReference = B6DFD25724C85E2D00EDA575 /* FirestoreTodoTests.xctest */;
			productType = "com.apple.product-type.bundle.unit-test";
		};
		B6DFD26124C85E2D00EDA575 /* FirestoreTodoUITests */ = {
			isa = PBXNativeTarget;
			buildConfigurationList = B6DFD27124C85E2D00EDA575 /* Build configuration list for PBXNativeTarget "FirestoreTodoUITests" */;
			buildPhases = (
				47480A23F8B69D152D01CFE7 /* [CP] Check Pods Manifest.lock */,
				B6DFD25E24C85E2D00EDA575 /* Sources */,
				B6DFD25F24C85E2D00EDA575 /* Frameworks */,
				B6DFD26024C85E2D00EDA575 /* Resources */,
			);
			buildRules = (
			);
			dependencies = (
				B6DFD26424C85E2D00EDA575 /* PBXTargetDependency */,
			);
			name = FirestoreTodoUITests;
			productName = FirestoreTodoUITests;
			productReference = B6DFD26224C85E2D00EDA575 /* FirestoreTodoUITests.xctest */;
			productType = "com.apple.product-type.bundle.ui-testing";
		};
/* End PBXNativeTarget section */

/* Begin PBXProject section */
		B6DFD23924C85E2C00EDA575 /* Project object */ = {
			isa = PBXProject;
			attributes = {
				LastSwiftUpdateCheck = 1160;
				LastUpgradeCheck = 1160;
				ORGANIZATIONNAME = hiraoka;
				TargetAttributes = {
					B6DFD24024C85E2C00EDA575 = {
						CreatedOnToolsVersion = 11.6;
					};
					B6DFD25624C85E2D00EDA575 = {
						CreatedOnToolsVersion = 11.6;
						TestTargetID = B6DFD24024C85E2C00EDA575;
					};
					B6DFD26124C85E2D00EDA575 = {
						CreatedOnToolsVersion = 11.6;
						TestTargetID = B6DFD24024C85E2C00EDA575;
					};
				};
			};
			buildConfigurationList = B6DFD23C24C85E2C00EDA575 /* Build configuration list for PBXProject "FirestoreTodo" */;
			compatibilityVersion = "Xcode 9.3";
			developmentRegion = en;
			hasScannedForEncodings = 0;
			knownRegions = (
				en,
				Base,
			);
			mainGroup = B6DFD23824C85E2C00EDA575;
			productRefGroup = B6DFD24224C85E2C00EDA575 /* Products */;
			projectDirPath = "";
			projectRoot = "";
			targets = (
				B6DFD24024C85E2C00EDA575 /* FirestoreTodo */,
				B6DFD25624C85E2D00EDA575 /* FirestoreTodoTests */,
				B6DFD26124C85E2D00EDA575 /* FirestoreTodoUITests */,
			);
		};
/* End PBXProject section */

/* Begin PBXResourcesBuildPhase section */
		B6DFD23F24C85E2C00EDA575 /* Resources */ = {
			isa = PBXResourcesBuildPhase;
			buildActionMask = 2147483647;
			files = (
				B6DFD25124C85E2D00EDA575 /* LaunchScreen.storyboard in Resources */,
				B6DFD24E24C85E2D00EDA575 /* Preview Assets.xcassets in Resources */,
				B6DFD24B24C85E2D00EDA575 /* Assets.xcassets in Resources */,
			);
			runOnlyForDeploymentPostprocessing = 0;
		};
		B6DFD25524C85E2D00EDA575 /* Resources */ = {
			isa = PBXResourcesBuildPhase;
			buildActionMask = 2147483647;
			files = (
			);
			runOnlyForDeploymentPostprocessing = 0;
		};
		B6DFD26024C85E2D00EDA575 /* Resources */ = {
			isa = PBXResourcesBuildPhase;
			buildActionMask = 2147483647;
			files = (
			);
			runOnlyForDeploymentPostprocessing = 0;
		};
/* End PBXResourcesBuildPhase section */

/* Begin PBXShellScriptBuildPhase section */
		264F7CF8BE3456FD8887FECB /* [CP] Check Pods Manifest.lock */ = {
			isa = PBXShellScriptBuildPhase;
			buildActionMask = 2147483647;
			files = (
			);
			inputFileListPaths = (
			);
			inputPaths = (
				"${PODS_PODFILE_DIR_PATH}/Podfile.lock",
				"${PODS_ROOT}/Manifest.lock",
			);
			name = "[CP] Check Pods Manifest.lock";
			outputFileListPaths = (
			);
			outputPaths = (
				"$(DERIVED_FILE_DIR)/Pods-FirestoreTodo-checkManifestLockResult.txt",
			);
			runOnlyForDeploymentPostprocessing = 0;
			shellPath = /bin/sh;
			shellScript = "diff \"${PODS_PODFILE_DIR_PATH}/Podfile.lock\" \"${PODS_ROOT}/Manifest.lock\" > /dev/null\nif [ $? != 0 ] ; then\n    # print error to STDERR\n    echo \"error: The sandbox is not in sync with the Podfile.lock. Run 'pod install' or update your CocoaPods installation.\" >&2\n    exit 1\nfi\n# This output is used by Xcode 'outputs' to avoid re-running this script phase.\necho \"SUCCESS\" > \"${SCRIPT_OUTPUT_FILE_0}\"\n";
			showEnvVarsInLog = 0;
		};
		47480A23F8B69D152D01CFE7 /* [CP] Check Pods Manifest.lock */ = {
			isa = PBXShellScriptBuildPhase;
			buildActionMask = 2147483647;
			files = (
			);
			inputFileListPaths = (
			);
			inputPaths = (
				"${PODS_PODFILE_DIR_PATH}/Podfile.lock",
				"${PODS_ROOT}/Manifest.lock",
			);
			name = "[CP] Check Pods Manifest.lock";
			outputFileListPaths = (
			);
			outputPaths = (
				"$(DERIVED_FILE_DIR)/Pods-FirestoreTodo-FirestoreTodoUITests-checkManifestLockResult.txt",
			);
			runOnlyForDeploymentPostprocessing = 0;
			shellPath = /bin/sh;
			shellScript = "diff \"${PODS_PODFILE_DIR_PATH}/Podfile.lock\" \"${PODS_ROOT}/Manifest.lock\" > /dev/null\nif [ $? != 0 ] ; then\n    # print error to STDERR\n    echo \"error: The sandbox is not in sync with the Podfile.lock. Run 'pod install' or update your CocoaPods installation.\" >&2\n    exit 1\nfi\n# This output is used by Xcode 'outputs' to avoid re-running this script phase.\necho \"SUCCESS\" > \"${SCRIPT_OUTPUT_FILE_0}\"\n";
			showEnvVarsInLog = 0;
		};
		835EE3DC6BDFEAF08C0DA1E8 /* [CP] Check Pods Manifest.lock */ = {
			isa = PBXShellScriptBuildPhase;
			buildActionMask = 2147483647;
			files = (
			);
			inputFileListPaths = (
			);
			inputPaths = (
				"${PODS_PODFILE_DIR_PATH}/Podfile.lock",
				"${PODS_ROOT}/Manifest.lock",
			);
			name = "[CP] Check Pods Manifest.lock";
			outputFileListPaths = (
			);
			outputPaths = (
				"$(DERIVED_FILE_DIR)/Pods-FirestoreTodoTests-checkManifestLockResult.txt",
			);
			runOnlyForDeploymentPostprocessing = 0;
			shellPath = /bin/sh;
			shellScript = "diff \"${PODS_PODFILE_DIR_PATH}/Podfile.lock\" \"${PODS_ROOT}/Manifest.lock\" > /dev/null\nif [ $? != 0 ] ; then\n    # print error to STDERR\n    echo \"error: The sandbox is not in sync with the Podfile.lock. Run 'pod install' or update your CocoaPods installation.\" >&2\n    exit 1\nfi\n# This output is used by Xcode 'outputs' to avoid re-running this script phase.\necho \"SUCCESS\" > \"${SCRIPT_OUTPUT_FILE_0}\"\n";
			showEnvVarsInLog = 0;
		};
/* End PBXShellScriptBuildPhase section */

/* Begin PBXSourcesBuildPhase section */
		B6DFD23D24C85E2C00EDA575 /* Sources */ = {
			isa = PBXSourcesBuildPhase;
			buildActionMask = 2147483647;
			files = (
				B6DFD27624C85F1900EDA575 /* Task.swift in Sources */,
				B6DFD24524C85E2C00EDA575 /* AppDelegate.swift in Sources */,
				B6DFD24724C85E2C00EDA575 /* SceneDelegate.swift in Sources */,
				B6DFD27A24C8634500EDA575 /* TaskCellViewModel.swift in Sources */,
				B6DFD24924C85E2C00EDA575 /* TaskListView.swift in Sources */,
				B6579CF624C8660000CCD5BF /* TaskListViewModel.swift in Sources */,
			);
			runOnlyForDeploymentPostprocessing = 0;
		};
		B6DFD25324C85E2D00EDA575 /* Sources */ = {
			isa = PBXSourcesBuildPhase;
			buildActionMask = 2147483647;
			files = (
				B6DFD25C24C85E2D00EDA575 /* FirestoreTodoTests.swift in Sources */,
			);
			runOnlyForDeploymentPostprocessing = 0;
		};
		B6DFD25E24C85E2D00EDA575 /* Sources */ = {
			isa = PBXSourcesBuildPhase;
			buildActionMask = 2147483647;
			files = (
				B6DFD26724C85E2D00EDA575 /* FirestoreTodoUITests.swift in Sources */,
			);
			runOnlyForDeploymentPostprocessing = 0;
		};
/* End PBXSourcesBuildPhase section */

/* Begin PBXTargetDependency section */
		B6DFD25924C85E2D00EDA575 /* PBXTargetDependency */ = {
			isa = PBXTargetDependency;
			target = B6DFD24024C85E2C00EDA575 /* FirestoreTodo */;
			targetProxy = B6DFD25824C85E2D00EDA575 /* PBXContainerItemProxy */;
		};
		B6DFD26424C85E2D00EDA575 /* PBXTargetDependency */ = {
			isa = PBXTargetDependency;
			target = B6DFD24024C85E2C00EDA575 /* FirestoreTodo */;
			targetProxy = B6DFD26324C85E2D00EDA575 /* PBXContainerItemProxy */;
		};
/* End PBXTargetDependency section */

/* Begin PBXVariantGroup section */
		B6DFD24F24C85E2D00EDA575 /* LaunchScreen.storyboard */ = {
			isa = PBXVariantGroup;
			children = (
				B6DFD25024C85E2D00EDA575 /* Base */,
			);
			name = LaunchScreen.storyboard;
			sourceTree = "<group>";
		};
/* End PBXVariantGroup section */

/* Begin XCBuildConfiguration section */
		B6DFD26924C85E2D00EDA575 /* Debug */ = {
			isa = XCBuildConfiguration;
			buildSettings = {
				ALWAYS_SEARCH_USER_PATHS = NO;
				CLANG_ANALYZER_NONNULL = YES;
				CLANG_ANALYZER_NUMBER_OBJECT_CONVERSION = YES_AGGRESSIVE;
				CLANG_CXX_LANGUAGE_STANDARD = "gnu++14";
				CLANG_CXX_LIBRARY = "libc++";
				CLANG_ENABLE_MODULES = YES;
				CLANG_ENABLE_OBJC_ARC = YES;
				CLANG_ENABLE_OBJC_WEAK = YES;
				CLANG_WARN_BLOCK_CAPTURE_AUTORELEASING = YES;
				CLANG_WARN_BOOL_CONVERSION = YES;
				CLANG_WARN_COMMA = YES;
				CLANG_WARN_CONSTANT_CONVERSION = YES;
				CLANG_WARN_DEPRECATED_OBJC_IMPLEMENTATIONS = YES;
				CLANG_WARN_DIRECT_OBJC_ISA_USAGE = YES_ERROR;
				CLANG_WARN_DOCUMENTATION_COMMENTS = YES;
				CLANG_WARN_EMPTY_BODY = YES;
				CLANG_WARN_ENUM_CONVERSION = YES;
				CLANG_WARN_INFINITE_RECURSION = YES;
				CLANG_WARN_INT_CONVERSION = YES;
				CLANG_WARN_NON_LITERAL_NULL_CONVERSION = YES;
				CLANG_WARN_OBJC_IMPLICIT_RETAIN_SELF = YES;
				CLANG_WARN_OBJC_LITERAL_CONVERSION = YES;
				CLANG_WARN_OBJC_ROOT_CLASS = YES_ERROR;
				CLANG_WARN_RANGE_LOOP_ANALYSIS = YES;
				CLANG_WARN_STRICT_PROTOTYPES = YES;
				CLANG_WARN_SUSPICIOUS_MOVE = YES;
				CLANG_WARN_UNGUARDED_AVAILABILITY = YES_AGGRESSIVE;
				CLANG_WARN_UNREACHABLE_CODE = YES;
				CLANG_WARN__DUPLICATE_METHOD_MATCH = YES;
				COPY_PHASE_STRIP = NO;
				DEBUG_INFORMATION_FORMAT = dwarf;
				ENABLE_STRICT_OBJC_MSGSEND = YES;
				ENABLE_TESTABILITY = YES;
				GCC_C_LANGUAGE_STANDARD = gnu11;
				GCC_DYNAMIC_NO_PIC = NO;
				GCC_NO_COMMON_BLOCKS = YES;
				GCC_OPTIMIZATION_LEVEL = 0;
				GCC_PREPROCESSOR_DEFINITIONS = (
					"DEBUG=1",
					"$(inherited)",
				);
				GCC_WARN_64_TO_32_BIT_CONVERSION = YES;
				GCC_WARN_ABOUT_RETURN_TYPE = YES_ERROR;
				GCC_WARN_UNDECLARED_SELECTOR = YES;
				GCC_WARN_UNINITIALIZED_AUTOS = YES_AGGRESSIVE;
				GCC_WARN_UNUSED_FUNCTION = YES;
				GCC_WARN_UNUSED_VARIABLE = YES;
				IPHONEOS_DEPLOYMENT_TARGET = 13.6;
				MTL_ENABLE_DEBUG_INFO = INCLUDE_SOURCE;
				MTL_FAST_MATH = YES;
				ONLY_ACTIVE_ARCH = YES;
				SDKROOT = iphoneos;
				SWIFT_ACTIVE_COMPILATION_CONDITIONS = DEBUG;
				SWIFT_OPTIMIZATION_LEVEL = "-Onone";
			};
			name = Debug;
		};
		B6DFD26A24C85E2D00EDA575 /* Release */ = {
			isa = XCBuildConfiguration;
			buildSettings = {
				ALWAYS_SEARCH_USER_PATHS = NO;
				CLANG_ANALYZER_NONNULL = YES;
				CLANG_ANALYZER_NUMBER_OBJECT_CONVERSION = YES_AGGRESSIVE;
				CLANG_CXX_LANGUAGE_STANDARD = "gnu++14";
				CLANG_CXX_LIBRARY = "libc++";
				CLANG_ENABLE_MODULES = YES;
				CLANG_ENABLE_OBJC_ARC = YES;
				CLANG_ENABLE_OBJC_WEAK = YES;
				CLANG_WARN_BLOCK_CAPTURE_AUTORELEASING = YES;
				CLANG_WARN_BOOL_CONVERSION = YES;
				CLANG_WARN_COMMA = YES;
				CLANG_WARN_CONSTANT_CONVERSION = YES;
				CLANG_WARN_DEPRECATED_OBJC_IMPLEMENTATIONS = YES;
				CLANG_WARN_DIRECT_OBJC_ISA_USAGE = YES_ERROR;
				CLANG_WARN_DOCUMENTATION_COMMENTS = YES;
				CLANG_WARN_EMPTY_BODY = YES;
				CLANG_WARN_ENUM_CONVERSION = YES;
				CLANG_WARN_INFINITE_RECURSION = YES;
				CLANG_WARN_INT_CONVERSION = YES;
				CLANG_WARN_NON_LITERAL_NULL_CONVERSION = YES;
				CLANG_WARN_OBJC_IMPLICIT_RETAIN_SELF = YES;
				CLANG_WARN_OBJC_LITERAL_CONVERSION = YES;
				CLANG_WARN_OBJC_ROOT_CLASS = YES_ERROR;
				CLANG_WARN_RANGE_LOOP_ANALYSIS = YES;
				CLANG_WARN_STRICT_PROTOTYPES = YES;
				CLANG_WARN_SUSPICIOUS_MOVE = YES;
				CLANG_WARN_UNGUARDED_AVAILABILITY = YES_AGGRESSIVE;
				CLANG_WARN_UNREACHABLE_CODE = YES;
				CLANG_WARN__DUPLICATE_METHOD_MATCH = YES;
				COPY_PHASE_STRIP = NO;
				DEBUG_INFORMATION_FORMAT = "dwarf-with-dsym";
				ENABLE_NS_ASSERTIONS = NO;
				ENABLE_STRICT_OBJC_MSGSEND = YES;
				GCC_C_LANGUAGE_STANDARD = gnu11;
				GCC_NO_COMMON_BLOCKS = YES;
				GCC_WARN_64_TO_32_BIT_CONVERSION = YES;
				GCC_WARN_ABOUT_RETURN_TYPE = YES_ERROR;
				GCC_WARN_UNDECLARED_SELECTOR = YES;
				GCC_WARN_UNINITIALIZED_AUTOS = YES_AGGRESSIVE;
				GCC_WARN_UNUSED_FUNCTION = YES;
				GCC_WARN_UNUSED_VARIABLE = YES;
				IPHONEOS_DEPLOYMENT_TARGET = 13.6;
				MTL_ENABLE_DEBUG_INFO = NO;
				MTL_FAST_MATH = YES;
				SDKROOT = iphoneos;
				SWIFT_COMPILATION_MODE = wholemodule;
				SWIFT_OPTIMIZATION_LEVEL = "-O";
				VALIDATE_PRODUCT = YES;
			};
			name = Release;
		};
		B6DFD26C24C85E2D00EDA575 /* Debug */ = {
			isa = XCBuildConfiguration;
			baseConfigurationReference = A88C6A2062C1B83B14F351BE /* Pods-FirestoreTodo.debug.xcconfig */;
			buildSettings = {
				ASSETCATALOG_COMPILER_APPICON_NAME = AppIcon;
				CODE_SIGN_STYLE = Automatic;
				DEVELOPMENT_ASSET_PATHS = "\"FirestoreTodo/Preview Content\"";
				DEVELOPMENT_TEAM = 8ER86CP2SB;
				ENABLE_PREVIEWS = YES;
				INFOPLIST_FILE = FirestoreTodo/Info.plist;
				LD_RUNPATH_SEARCH_PATHS = (
					"$(inherited)",
					"@executable_path/Frameworks",
				);
				PRODUCT_BUNDLE_IDENTIFIER = com.moca.hira22.sample.FirestoreTodo;
				PRODUCT_NAME = "$(TARGET_NAME)";
				SWIFT_VERSION = 5.0;
				TARGETED_DEVICE_FAMILY = "1,2";
			};
			name = Debug;
		};
		B6DFD26D24C85E2D00EDA575 /* Release */ = {
			isa = XCBuildConfiguration;
			baseConfigurationReference = 5F0CE73613494D964335753A /* Pods-FirestoreTodo.release.xcconfig */;
			buildSettings = {
				ASSETCATALOG_COMPILER_APPICON_NAME = AppIcon;
				CODE_SIGN_STYLE = Automatic;
				DEVELOPMENT_ASSET_PATHS = "\"FirestoreTodo/Preview Content\"";
				DEVELOPMENT_TEAM = 8ER86CP2SB;
				ENABLE_PREVIEWS = YES;
				INFOPLIST_FILE = FirestoreTodo/Info.plist;
				LD_RUNPATH_SEARCH_PATHS = (
					"$(inherited)",
					"@executable_path/Frameworks",
				);
				PRODUCT_BUNDLE_IDENTIFIER = com.moca.hira22.sample.FirestoreTodo;
				PRODUCT_NAME = "$(TARGET_NAME)";
				SWIFT_VERSION = 5.0;
				TARGETED_DEVICE_FAMILY = "1,2";
			};
			name = Release;
		};
		B6DFD26F24C85E2D00EDA575 /* Debug */ = {
			isa = XCBuildConfiguration;
			baseConfigurationReference = 47FEFF94702EC952BC3A39DD /* Pods-FirestoreTodoTests.debug.xcconfig */;
			buildSettings = {
				ALWAYS_EMBED_SWIFT_STANDARD_LIBRARIES = YES;
				BUNDLE_LOADER = "$(TEST_HOST)";
				CODE_SIGN_STYLE = Automatic;
				DEVELOPMENT_TEAM = 8ER86CP2SB;
				INFOPLIST_FILE = FirestoreTodoTests/Info.plist;
				IPHONEOS_DEPLOYMENT_TARGET = 13.6;
				LD_RUNPATH_SEARCH_PATHS = (
					"$(inherited)",
					"@executable_path/Frameworks",
					"@loader_path/Frameworks",
				);
				PRODUCT_BUNDLE_IDENTIFIER = com.moca.hira22.sample.FirestoreTodoTests;
				PRODUCT_NAME = "$(TARGET_NAME)";
				SWIFT_VERSION = 5.0;
				TARGETED_DEVICE_FAMILY = "1,2";
				TEST_HOST = "$(BUILT_PRODUCTS_DIR)/FirestoreTodo.app/FirestoreTodo";
			};
			name = Debug;
		};
		B6DFD27024C85E2D00EDA575 /* Release */ = {
			isa = XCBuildConfiguration;
			baseConfigurationReference = D96820AA6DA3DCBC60F6937F /* Pods-FirestoreTodoTests.release.xcconfig */;
			buildSettings = {
				ALWAYS_EMBED_SWIFT_STANDARD_LIBRARIES = YES;
				BUNDLE_LOADER = "$(TEST_HOST)";
				CODE_SIGN_STYLE = Automatic;
				DEVELOPMENT_TEAM = 8ER86CP2SB;
				INFOPLIST_FILE = FirestoreTodoTests/Info.plist;
				IPHONEOS_DEPLOYMENT_TARGET = 13.6;
				LD_RUNPATH_SEARCH_PATHS = (
					"$(inherited)",
					"@executable_path/Frameworks",
					"@loader_path/Frameworks",
				);
				PRODUCT_BUNDLE_IDENTIFIER = com.moca.hira22.sample.FirestoreTodoTests;
				PRODUCT_NAME = "$(TARGET_NAME)";
				SWIFT_VERSION = 5.0;
				TARGETED_DEVICE_FAMILY = "1,2";
				TEST_HOST = "$(BUILT_PRODUCTS_DIR)/FirestoreTodo.app/FirestoreTodo";
			};
			name = Release;
		};
		B6DFD27224C85E2D00EDA575 /* Debug */ = {
			isa = XCBuildConfiguration;
			baseConfigurationReference = F4D20DD96F6A870BF615FCD2 /* Pods-FirestoreTodo-FirestoreTodoUITests.debug.xcconfig */;
			buildSettings = {
				ALWAYS_EMBED_SWIFT_STANDARD_LIBRARIES = YES;
				CODE_SIGN_STYLE = Automatic;
				DEVELOPMENT_TEAM = 8ER86CP2SB;
				INFOPLIST_FILE = FirestoreTodoUITests/Info.plist;
				LD_RUNPATH_SEARCH_PATHS = (
					"$(inherited)",
					"@executable_path/Frameworks",
					"@loader_path/Frameworks",
				);
				PRODUCT_BUNDLE_IDENTIFIER = com.moca.hira22.sample.FirestoreTodoUITests;
				PRODUCT_NAME = "$(TARGET_NAME)";
				SWIFT_VERSION = 5.0;
				TARGETED_DEVICE_FAMILY = "1,2";
				TEST_TARGET_NAME = FirestoreTodo;
			};
			name = Debug;
		};
		B6DFD27324C85E2D00EDA575 /* Release */ = {
			isa = XCBuildConfiguration;
			baseConfigurationReference = FD7E085520C3769B8B43339B /* Pods-FirestoreTodo-FirestoreTodoUITests.release.xcconfig */;
			buildSettings = {
				ALWAYS_EMBED_SWIFT_STANDARD_LIBRARIES = YES;
				CODE_SIGN_STYLE = Automatic;
				DEVELOPMENT_TEAM = 8ER86CP2SB;
				INFOPLIST_FILE = FirestoreTodoUITests/Info.plist;
				LD_RUNPATH_SEARCH_PATHS = (
					"$(inherited)",
					"@executable_path/Frameworks",
					"@loader_path/Frameworks",
				);
				PRODUCT_BUNDLE_IDENTIFIER = com.moca.hira22.sample.FirestoreTodoUITests;
				PRODUCT_NAME = "$(TARGET_NAME)";
				SWIFT_VERSION = 5.0;
				TARGETED_DEVICE_FAMILY = "1,2";
				TEST_TARGET_NAME = FirestoreTodo;
			};
			name = Release;
		};
/* End XCBuildConfiguration section */

/* Begin XCConfigurationList section */
		B6DFD23C24C85E2C00EDA575 /* Build configuration list for PBXProject "FirestoreTodo" */ = {
			isa = XCConfigurationList;
			buildConfigurations = (
				B6DFD26924C85E2D00EDA575 /* Debug */,
				B6DFD26A24C85E2D00EDA575 /* Release */,
			);
			defaultConfigurationIsVisible = 0;
			defaultConfigurationName = Release;
		};
		B6DFD26B24C85E2D00EDA575 /* Build configuration list for PBXNativeTarget "FirestoreTodo" */ = {
			isa = XCConfigurationList;
			buildConfigurations = (
				B6DFD26C24C85E2D00EDA575 /* Debug */,
				B6DFD26D24C85E2D00EDA575 /* Release */,
			);
			defaultConfigurationIsVisible = 0;
			defaultConfigurationName = Release;
		};
		B6DFD26E24C85E2D00EDA575 /* Build configuration list for PBXNativeTarget "FirestoreTodoTests" */ = {
			isa = XCConfigurationList;
			buildConfigurations = (
				B6DFD26F24C85E2D00EDA575 /* Debug */,
				B6DFD27024C85E2D00EDA575 /* Release */,
			);
			defaultConfigurationIsVisible = 0;
			defaultConfigurationName = Release;
		};
		B6DFD27124C85E2D00EDA575 /* Build configuration list for PBXNativeTarget "FirestoreTodoUITests" */ = {
			isa = XCConfigurationList;
			buildConfigurations = (
				B6DFD27224C85E2D00EDA575 /* Debug */,
				B6DFD27324C85E2D00EDA575 /* Release */,
			);
			defaultConfigurationIsVisible = 0;
			defaultConfigurationName = Release;
		};
/* End XCConfigurationList section */
	};
	rootObject = B6DFD23924C85E2C00EDA575 /* Project object */;
}
