// !$*UTF8*$!
{
	archiveVersion = 1;
	classes = {
	};
	objectVersion = 51;
	objects = {

/* Begin PBXBuildFile section */
		2E45353CE5883313A5DBB41F /* Pods_FirestoreTodo__iOS_.framework in Frameworks */ = {isa = PBXBuildFile; fileRef = 2CBE35C2268FD9B5D1094C22 /* Pods_FirestoreTodo__iOS_.framework */; };
		A82EDF748D32094FB5502EB9 /* Pods_FirestoreTodo__macOS_.framework in Frameworks */ = {isa = PBXBuildFile; fileRef = 9940B06F705A3B61F6413312 /* Pods_FirestoreTodo__macOS_.framework */; };
		B6882A4A2518967D0098C221 /* Tests_iOS.swift in Sources */ = {isa = PBXBuildFile; fileRef = B6882A492518967D0098C221 /* Tests_iOS.swift */; };
		B6882A552518967D0098C221 /* Tests_macOS.swift in Sources */ = {isa = PBXBuildFile; fileRef = B6882A542518967D0098C221 /* Tests_macOS.swift */; };
		B6882A572518967D0098C221 /* FirestoreTodoApp.swift in Sources */ = {isa = PBXBuildFile; fileRef = B6882A2F2518967C0098C221 /* FirestoreTodoApp.swift */; };
		B6882A5B2518967D0098C221 /* Assets.xcassets in Resources */ = {isa = PBXBuildFile; fileRef = B6882A312518967D0098C221 /* Assets.xcassets */; };
		B6882A5C2518967D0098C221 /* Assets.xcassets in Resources */ = {isa = PBXBuildFile; fileRef = B6882A312518967D0098C221 /* Assets.xcassets */; };
		B693FDFC25189A490060D24F /* TaskRepository.swift in Sources */ = {isa = PBXBuildFile; fileRef = B6A8B1C824DE71E60045F1A2 /* TaskRepository.swift */; };
		B693FDFD25189A490060D24F /* UserRepository.swift in Sources */ = {isa = PBXBuildFile; fileRef = B6A8B1CB24DEB5EA0045F1A2 /* UserRepository.swift */; };
		B693FDFE25189A490060D24F /* SignInWithAppleCoordinator.swift in Sources */ = {isa = PBXBuildFile; fileRef = B638B45024DEDD6D008E2CCF /* SignInWithAppleCoordinator.swift */; };
		B693FDFF25189A490060D24F /* Task.swift in Sources */ = {isa = PBXBuildFile; fileRef = B6DFD27524C85F1900EDA575 /* Task.swift */; };
		B693FE0025189A490060D24F /* User.swift in Sources */ = {isa = PBXBuildFile; fileRef = B6A8B1CD24DEB6FC0045F1A2 /* User.swift */; };
		B693FE0125189A490060D24F /* TaskCellViewModel.swift in Sources */ = {isa = PBXBuildFile; fileRef = B6DFD27924C8634500EDA575 /* TaskCellViewModel.swift */; };
		B693FE0225189A490060D24F /* TaskListViewModel.swift in Sources */ = {isa = PBXBuildFile; fileRef = B6579CF524C8660000CCD5BF /* TaskListViewModel.swift */; };
		B693FE0325189A490060D24F /* SignInViewModel.swift in Sources */ = {isa = PBXBuildFile; fileRef = B638B45224DF9A87008E2CCF /* SignInViewModel.swift */; };
		B693FE0425189A490060D24F /* AppDelegate.swift in Sources */ = {isa = PBXBuildFile; fileRef = B6DFD24424C85E2C00EDA575 /* AppDelegate.swift */; };
		B693FE0525189A490060D24F /* SceneDelegate.swift in Sources */ = {isa = PBXBuildFile; fileRef = B6DFD24624C85E2C00EDA575 /* SceneDelegate.swift */; };
		B693FE0625189A490060D24F /* Database.swift in Sources */ = {isa = PBXBuildFile; fileRef = B6A8B1CF24DEB7F40045F1A2 /* Database.swift */; };
		B693FE0725189A490060D24F /* TaskListView.swift in Sources */ = {isa = PBXBuildFile; fileRef = B6DFD24824C85E2C00EDA575 /* TaskListView.swift */; };
		B693FE0825189A490060D24F /* SignInWithAppleButton.swift in Sources */ = {isa = PBXBuildFile; fileRef = B6A8B1D324DED6F40045F1A2 /* SignInWithAppleButton.swift */; };
		B693FE0925189A490060D24F /* SignInView.swift in Sources */ = {isa = PBXBuildFile; fileRef = B6A8B1D524DED7900045F1A2 /* SignInView.swift */; };
		B693FE5425189ED00060D24F /* GoogleService-Info.plist in Resources */ = {isa = PBXBuildFile; fileRef = B693FE5325189ED00060D24F /* GoogleService-Info.plist */; };
		B693FE5525189ED00060D24F /* GoogleService-Info.plist in Resources */ = {isa = PBXBuildFile; fileRef = B693FE5325189ED00060D24F /* GoogleService-Info.plist */; };
/* End PBXBuildFile section */

/* Begin PBXContainerItemProxy section */
		B6882A462518967D0098C221 /* PBXContainerItemProxy */ = {
			isa = PBXContainerItemProxy;
			containerPortal = B6DFD23924C85E2C00EDA575 /* Project object */;
			proxyType = 1;
			remoteGlobalIDString = B6882A352518967D0098C221;
			remoteInfo = "FirestoreTodo (iOS)";
		};
		B6882A512518967D0098C221 /* PBXContainerItemProxy */ = {
			isa = PBXContainerItemProxy;
			containerPortal = B6DFD23924C85E2C00EDA575 /* Project object */;
			proxyType = 1;
			remoteGlobalIDString = B6882A3C2518967D0098C221;
			remoteInfo = "FirestoreTodo (macOS)";
		};
/* End PBXContainerItemProxy section */

/* Begin PBXFileReference section */
		031BC17F10A9B57A9542ABAD /* Pods-FirestoreTodo (iOS).release.xcconfig */ = {isa = PBXFileReference; includeInIndex = 1; lastKnownFileType = text.xcconfig; name = "Pods-FirestoreTodo (iOS).release.xcconfig"; path = "Target Support Files/Pods-FirestoreTodo (iOS)/Pods-FirestoreTodo (iOS).release.xcconfig"; sourceTree = "<group>"; };
		090FE795A9E78AD014640CF3 /* Pods_FirestoreTodoUITests.framework */ = {isa = PBXFileReference; explicitFileType = wrapper.framework; includeInIndex = 0; path = Pods_FirestoreTodoUITests.framework; sourceTree = BUILT_PRODUCTS_DIR; };
		2CBE35C2268FD9B5D1094C22 /* Pods_FirestoreTodo__iOS_.framework */ = {isa = PBXFileReference; explicitFileType = wrapper.framework; includeInIndex = 0; path = Pods_FirestoreTodo__iOS_.framework; sourceTree = BUILT_PRODUCTS_DIR; };
		2FCD480E10D806794F58180C /* Pods_FirestoreTodoTests.framework */ = {isa = PBXFileReference; explicitFileType = wrapper.framework; includeInIndex = 0; path = Pods_FirestoreTodoTests.framework; sourceTree = BUILT_PRODUCTS_DIR; };
		3893987F7C5E1E99893B0631 /* Pods-FirestoreTodo (macOS).debug.xcconfig */ = {isa = PBXFileReference; includeInIndex = 1; lastKnownFileType = text.xcconfig; name = "Pods-FirestoreTodo (macOS).debug.xcconfig"; path = "Target Support Files/Pods-FirestoreTodo (macOS)/Pods-FirestoreTodo (macOS).debug.xcconfig"; sourceTree = "<group>"; };
		47FEFF94702EC952BC3A39DD /* Pods-FirestoreTodoTests.debug.xcconfig */ = {isa = PBXFileReference; includeInIndex = 1; lastKnownFileType = text.xcconfig; name = "Pods-FirestoreTodoTests.debug.xcconfig"; path = "Target Support Files/Pods-FirestoreTodoTests/Pods-FirestoreTodoTests.debug.xcconfig"; sourceTree = "<group>"; };
		5F0CE73613494D964335753A /* Pods-FirestoreTodo.release.xcconfig */ = {isa = PBXFileReference; includeInIndex = 1; lastKnownFileType = text.xcconfig; name = "Pods-FirestoreTodo.release.xcconfig"; path = "Target Support Files/Pods-FirestoreTodo/Pods-FirestoreTodo.release.xcconfig"; sourceTree = "<group>"; };
		9940B06F705A3B61F6413312 /* Pods_FirestoreTodo__macOS_.framework */ = {isa = PBXFileReference; explicitFileType = wrapper.framework; includeInIndex = 0; path = Pods_FirestoreTodo__macOS_.framework; sourceTree = BUILT_PRODUCTS_DIR; };
		A88C6A2062C1B83B14F351BE /* Pods-FirestoreTodo.debug.xcconfig */ = {isa = PBXFileReference; includeInIndex = 1; lastKnownFileType = text.xcconfig; name = "Pods-FirestoreTodo.debug.xcconfig"; path = "Target Support Files/Pods-FirestoreTodo/Pods-FirestoreTodo.debug.xcconfig"; sourceTree = "<group>"; };
		AF02D82991B48780C6342E34 /* Pods-FirestoreTodo (macOS).release.xcconfig */ = {isa = PBXFileReference; includeInIndex = 1; lastKnownFileType = text.xcconfig; name = "Pods-FirestoreTodo (macOS).release.xcconfig"; path = "Target Support Files/Pods-FirestoreTodo (macOS)/Pods-FirestoreTodo (macOS).release.xcconfig"; sourceTree = "<group>"; };
		B638B45024DEDD6D008E2CCF /* SignInWithAppleCoordinator.swift */ = {isa = PBXFileReference; lastKnownFileType = sourcecode.swift; path = SignInWithAppleCoordinator.swift; sourceTree = "<group>"; };
		B638B45224DF9A87008E2CCF /* SignInViewModel.swift */ = {isa = PBXFileReference; lastKnownFileType = sourcecode.swift; path = SignInViewModel.swift; sourceTree = "<group>"; };
		B6579CF524C8660000CCD5BF /* TaskListViewModel.swift */ = {isa = PBXFileReference; lastKnownFileType = sourcecode.swift; path = TaskListViewModel.swift; sourceTree = "<group>"; };
		B6882A2F2518967C0098C221 /* FirestoreTodoApp.swift */ = {isa = PBXFileReference; lastKnownFileType = sourcecode.swift; path = FirestoreTodoApp.swift; sourceTree = "<group>"; };
		B6882A312518967D0098C221 /* Assets.xcassets */ = {isa = PBXFileReference; lastKnownFileType = folder.assetcatalog; path = Assets.xcassets; sourceTree = "<group>"; };
		B6882A362518967D0098C221 /* FirestoreTodo.app */ = {isa = PBXFileReference; explicitFileType = wrapper.application; includeInIndex = 0; path = FirestoreTodo.app; sourceTree = BUILT_PRODUCTS_DIR; };
		B6882A382518967D0098C221 /* Info.plist */ = {isa = PBXFileReference; lastKnownFileType = text.plist.xml; path = Info.plist; sourceTree = "<group>"; };
		B6882A3D2518967D0098C221 /* FirestoreTodo.app */ = {isa = PBXFileReference; explicitFileType = wrapper.application; includeInIndex = 0; path = FirestoreTodo.app; sourceTree = BUILT_PRODUCTS_DIR; };
		B6882A3F2518967D0098C221 /* Info.plist */ = {isa = PBXFileReference; lastKnownFileType = text.plist.xml; path = Info.plist; sourceTree = "<group>"; };
		B6882A402518967D0098C221 /* macOS.entitlements */ = {isa = PBXFileReference; lastKnownFileType = text.plist.entitlements; path = macOS.entitlements; sourceTree = "<group>"; };
		B6882A452518967D0098C221 /* Tests iOS.xctest */ = {isa = PBXFileReference; explicitFileType = wrapper.cfbundle; includeInIndex = 0; path = "Tests iOS.xctest"; sourceTree = BUILT_PRODUCTS_DIR; };
		B6882A492518967D0098C221 /* Tests_iOS.swift */ = {isa = PBXFileReference; lastKnownFileType = sourcecode.swift; path = Tests_iOS.swift; sourceTree = "<group>"; };
		B6882A4B2518967D0098C221 /* Info.plist */ = {isa = PBXFileReference; lastKnownFileType = text.plist.xml; path = Info.plist; sourceTree = "<group>"; };
		B6882A502518967D0098C221 /* Tests macOS.xctest */ = {isa = PBXFileReference; explicitFileType = wrapper.cfbundle; includeInIndex = 0; path = "Tests macOS.xctest"; sourceTree = BUILT_PRODUCTS_DIR; };
		B6882A542518967D0098C221 /* Tests_macOS.swift */ = {isa = PBXFileReference; lastKnownFileType = sourcecode.swift; path = Tests_macOS.swift; sourceTree = "<group>"; };
		B6882A562518967D0098C221 /* Info.plist */ = {isa = PBXFileReference; lastKnownFileType = text.plist.xml; path = Info.plist; sourceTree = "<group>"; };
		B6882A75251897670098C221 /* FirestoreTodo.entitlements */ = {isa = PBXFileReference; lastKnownFileType = text.plist.entitlements; path = FirestoreTodo.entitlements; sourceTree = "<group>"; };
		B693FE5325189ED00060D24F /* GoogleService-Info.plist */ = {isa = PBXFileReference; fileEncoding = 4; lastKnownFileType = text.plist.xml; path = "GoogleService-Info.plist"; sourceTree = "<group>"; };
		B6A8B1C824DE71E60045F1A2 /* TaskRepository.swift */ = {isa = PBXFileReference; lastKnownFileType = sourcecode.swift; path = TaskRepository.swift; sourceTree = "<group>"; };
		B6A8B1CB24DEB5EA0045F1A2 /* UserRepository.swift */ = {isa = PBXFileReference; lastKnownFileType = sourcecode.swift; path = UserRepository.swift; sourceTree = "<group>"; };
		B6A8B1CD24DEB6FC0045F1A2 /* User.swift */ = {isa = PBXFileReference; lastKnownFileType = sourcecode.swift; path = User.swift; sourceTree = "<group>"; };
		B6A8B1CF24DEB7F40045F1A2 /* Database.swift */ = {isa = PBXFileReference; lastKnownFileType = sourcecode.swift; path = Database.swift; sourceTree = "<group>"; };
		B6A8B1D324DED6F40045F1A2 /* SignInWithAppleButton.swift */ = {isa = PBXFileReference; lastKnownFileType = sourcecode.swift; path = SignInWithAppleButton.swift; sourceTree = "<group>"; };
		B6A8B1D524DED7900045F1A2 /* SignInView.swift */ = {isa = PBXFileReference; lastKnownFileType = sourcecode.swift; path = SignInView.swift; sourceTree = "<group>"; };
		B6DFD24424C85E2C00EDA575 /* AppDelegate.swift */ = {isa = PBXFileReference; lastKnownFileType = sourcecode.swift; path = AppDelegate.swift; sourceTree = "<group>"; };
		B6DFD24624C85E2C00EDA575 /* SceneDelegate.swift */ = {isa = PBXFileReference; lastKnownFileType = sourcecode.swift; path = SceneDelegate.swift; sourceTree = "<group>"; };
		B6DFD24824C85E2C00EDA575 /* TaskListView.swift */ = {isa = PBXFileReference; lastKnownFileType = sourcecode.swift; path = TaskListView.swift; sourceTree = "<group>"; };
		B6DFD27524C85F1900EDA575 /* Task.swift */ = {isa = PBXFileReference; lastKnownFileType = sourcecode.swift; path = Task.swift; sourceTree = "<group>"; };
		B6DFD27924C8634500EDA575 /* TaskCellViewModel.swift */ = {isa = PBXFileReference; lastKnownFileType = sourcecode.swift; path = TaskCellViewModel.swift; sourceTree = "<group>"; };
		CB640D4BB8DFF36B19F810FA /* Pods_FirestoreTodo.framework */ = {isa = PBXFileReference; explicitFileType = wrapper.framework; includeInIndex = 0; path = Pods_FirestoreTodo.framework; sourceTree = BUILT_PRODUCTS_DIR; };
		D17BB70FA2C7217F219430DA /* Pods-FirestoreTodo (iOS).debug.xcconfig */ = {isa = PBXFileReference; includeInIndex = 1; lastKnownFileType = text.xcconfig; name = "Pods-FirestoreTodo (iOS).debug.xcconfig"; path = "Target Support Files/Pods-FirestoreTodo (iOS)/Pods-FirestoreTodo (iOS).debug.xcconfig"; sourceTree = "<group>"; };
		D96820AA6DA3DCBC60F6937F /* Pods-FirestoreTodoTests.release.xcconfig */ = {isa = PBXFileReference; includeInIndex = 1; lastKnownFileType = text.xcconfig; name = "Pods-FirestoreTodoTests.release.xcconfig"; path = "Target Support Files/Pods-FirestoreTodoTests/Pods-FirestoreTodoTests.release.xcconfig"; sourceTree = "<group>"; };
		EBB53B3593C7800341DB3185 /* Pods-FirestoreTodoUITests.debug.xcconfig */ = {isa = PBXFileReference; includeInIndex = 1; lastKnownFileType = text.xcconfig; name = "Pods-FirestoreTodoUITests.debug.xcconfig"; path = "Target Support Files/Pods-FirestoreTodoUITests/Pods-FirestoreTodoUITests.debug.xcconfig"; sourceTree = "<group>"; };
		EF8D3ED7E3786CC90CFFFE1D /* Pods-FirestoreTodoUITests.release.xcconfig */ = {isa = PBXFileReference; includeInIndex = 1; lastKnownFileType = text.xcconfig; name = "Pods-FirestoreTodoUITests.release.xcconfig"; path = "Target Support Files/Pods-FirestoreTodoUITests/Pods-FirestoreTodoUITests.release.xcconfig"; sourceTree = "<group>"; };
/* End PBXFileReference section */

/* Begin PBXFrameworksBuildPhase section */
		B6882A332518967D0098C221 /* Frameworks */ = {
			isa = PBXFrameworksBuildPhase;
			buildActionMask = 2147483647;
			files = (
				2E45353CE5883313A5DBB41F /* Pods_FirestoreTodo__iOS_.framework in Frameworks */,
			);
			runOnlyForDeploymentPostprocessing = 0;
		};
		B6882A3A2518967D0098C221 /* Frameworks */ = {
			isa = PBXFrameworksBuildPhase;
			buildActionMask = 2147483647;
			files = (
				A82EDF748D32094FB5502EB9 /* Pods_FirestoreTodo__macOS_.framework in Frameworks */,
			);
			runOnlyForDeploymentPostprocessing = 0;
		};
		B6882A422518967D0098C221 /* Frameworks */ = {
			isa = PBXFrameworksBuildPhase;
			buildActionMask = 2147483647;
			files = (
			);
			runOnlyForDeploymentPostprocessing = 0;
		};
		B6882A4D2518967D0098C221 /* Frameworks */ = {
			isa = PBXFrameworksBuildPhase;
			buildActionMask = 2147483647;
			files = (
			);
			runOnlyForDeploymentPostprocessing = 0;
		};
/* End PBXFrameworksBuildPhase section */

/* Begin PBXGroup section */
		3AF86C6EAAC95703F897C59D /* Pods */ = {
			isa = PBXGroup;
			children = (
				A88C6A2062C1B83B14F351BE /* Pods-FirestoreTodo.debug.xcconfig */,
				5F0CE73613494D964335753A /* Pods-FirestoreTodo.release.xcconfig */,
				47FEFF94702EC952BC3A39DD /* Pods-FirestoreTodoTests.debug.xcconfig */,
				D96820AA6DA3DCBC60F6937F /* Pods-FirestoreTodoTests.release.xcconfig */,
				EBB53B3593C7800341DB3185 /* Pods-FirestoreTodoUITests.debug.xcconfig */,
				EF8D3ED7E3786CC90CFFFE1D /* Pods-FirestoreTodoUITests.release.xcconfig */,
				D17BB70FA2C7217F219430DA /* Pods-FirestoreTodo (iOS).debug.xcconfig */,
				031BC17F10A9B57A9542ABAD /* Pods-FirestoreTodo (iOS).release.xcconfig */,
				3893987F7C5E1E99893B0631 /* Pods-FirestoreTodo (macOS).debug.xcconfig */,
				AF02D82991B48780C6342E34 /* Pods-FirestoreTodo (macOS).release.xcconfig */,
			);
			path = Pods;
			sourceTree = "<group>";
		};
		3B03BB5A08FB7FF184DAA363 /* Frameworks */ = {
			isa = PBXGroup;
			children = (
				CB640D4BB8DFF36B19F810FA /* Pods_FirestoreTodo.framework */,
				2FCD480E10D806794F58180C /* Pods_FirestoreTodoTests.framework */,
				090FE795A9E78AD014640CF3 /* Pods_FirestoreTodoUITests.framework */,
				2CBE35C2268FD9B5D1094C22 /* Pods_FirestoreTodo__iOS_.framework */,
				9940B06F705A3B61F6413312 /* Pods_FirestoreTodo__macOS_.framework */,
			);
			name = Frameworks;
			sourceTree = "<group>";
		};
		B638B44F24DEDCDC008E2CCF /* Service */ = {
			isa = PBXGroup;
			children = (
				B638B45024DEDD6D008E2CCF /* SignInWithAppleCoordinator.swift */,
			);
			path = Service;
			sourceTree = "<group>";
		};
		B6882A2E2518967C0098C221 /* Shared */ = {
			isa = PBXGroup;
			children = (
				B693FE5325189ED00060D24F /* GoogleService-Info.plist */,
				B6A8B1C724DE71CC0045F1A2 /* Repository */,
				B638B44F24DEDCDC008E2CCF /* Service */,
				B6DFD27424C85F0A00EDA575 /* Model */,
				B6DFD27B24C8643200EDA575 /* ViewModel */,
				B6DFD27724C85FE800EDA575 /* App */,
				B6DFD27824C85FF300EDA575 /* View */,
				B6882A312518967D0098C221 /* Assets.xcassets */,
			);
			path = Shared;
			sourceTree = "<group>";
		};
		B6882A372518967D0098C221 /* iOS */ = {
			isa = PBXGroup;
			children = (
				B6882A382518967D0098C221 /* Info.plist */,
			);
			path = iOS;
			sourceTree = "<group>";
		};
		B6882A3E2518967D0098C221 /* macOS */ = {
			isa = PBXGroup;
			children = (
				B6882A3F2518967D0098C221 /* Info.plist */,
				B6882A402518967D0098C221 /* macOS.entitlements */,
			);
			path = macOS;
			sourceTree = "<group>";
		};
		B6882A482518967D0098C221 /* Tests iOS */ = {
			isa = PBXGroup;
			children = (
				B6882A492518967D0098C221 /* Tests_iOS.swift */,
				B6882A4B2518967D0098C221 /* Info.plist */,
			);
			path = "Tests iOS";
			sourceTree = "<group>";
		};
		B6882A532518967D0098C221 /* Tests macOS */ = {
			isa = PBXGroup;
			children = (
				B6882A542518967D0098C221 /* Tests_macOS.swift */,
				B6882A562518967D0098C221 /* Info.plist */,
			);
			path = "Tests macOS";
			sourceTree = "<group>";
		};
		B6A8B1C724DE71CC0045F1A2 /* Repository */ = {
			isa = PBXGroup;
			children = (
				B6A8B1C824DE71E60045F1A2 /* TaskRepository.swift */,
				B6A8B1CB24DEB5EA0045F1A2 /* UserRepository.swift */,
			);
			path = Repository;
			sourceTree = "<group>";
		};
		B6DFD23824C85E2C00EDA575 = {
			isa = PBXGroup;
			children = (
				B6882A75251897670098C221 /* FirestoreTodo.entitlements */,
				B6882A2E2518967C0098C221 /* Shared */,
				B6882A372518967D0098C221 /* iOS */,
				B6882A3E2518967D0098C221 /* macOS */,
				B6882A482518967D0098C221 /* Tests iOS */,
				B6882A532518967D0098C221 /* Tests macOS */,
				B6DFD24224C85E2C00EDA575 /* Products */,
				3AF86C6EAAC95703F897C59D /* Pods */,
				3B03BB5A08FB7FF184DAA363 /* Frameworks */,
			);
			sourceTree = "<group>";
		};
		B6DFD24224C85E2C00EDA575 /* Products */ = {
			isa = PBXGroup;
			children = (
				B6882A362518967D0098C221 /* FirestoreTodo.app */,
				B6882A3D2518967D0098C221 /* FirestoreTodo.app */,
				B6882A452518967D0098C221 /* Tests iOS.xctest */,
				B6882A502518967D0098C221 /* Tests macOS.xctest */,
			);
			name = Products;
			sourceTree = "<group>";
		};
		B6DFD27424C85F0A00EDA575 /* Model */ = {
			isa = PBXGroup;
			children = (
				B6DFD27524C85F1900EDA575 /* Task.swift */,
				B6A8B1CD24DEB6FC0045F1A2 /* User.swift */,
			);
			path = Model;
			sourceTree = "<group>";
		};
		B6DFD27724C85FE800EDA575 /* App */ = {
			isa = PBXGroup;
			children = (
				B6DFD24424C85E2C00EDA575 /* AppDelegate.swift */,
				B6DFD24624C85E2C00EDA575 /* SceneDelegate.swift */,
				B6882A2F2518967C0098C221 /* FirestoreTodoApp.swift */,
				B6A8B1CF24DEB7F40045F1A2 /* Database.swift */,
			);
			path = App;
			sourceTree = "<group>";
		};
		B6DFD27824C85FF300EDA575 /* View */ = {
			isa = PBXGroup;
			children = (
				B6DFD24824C85E2C00EDA575 /* TaskListView.swift */,
				B6A8B1D324DED6F40045F1A2 /* SignInWithAppleButton.swift */,
				B6A8B1D524DED7900045F1A2 /* SignInView.swift */,
			);
			path = View;
			sourceTree = "<group>";
		};
		B6DFD27B24C8643200EDA575 /* ViewModel */ = {
			isa = PBXGroup;
			children = (
				B6DFD27924C8634500EDA575 /* TaskCellViewModel.swift */,
				B6579CF524C8660000CCD5BF /* TaskListViewModel.swift */,
				B638B45224DF9A87008E2CCF /* SignInViewModel.swift */,
			);
			path = ViewModel;
			sourceTree = "<group>";
		};
/* End PBXGroup section */

/* Begin PBXNativeTarget section */
		B6882A352518967D0098C221 /* FirestoreTodo (iOS) */ = {
			isa = PBXNativeTarget;
			buildConfigurationList = B6882A5D2518967D0098C221 /* Build configuration list for PBXNativeTarget "FirestoreTodo (iOS)" */;
			buildPhases = (
				8B2D62CD386786A30964E516 /* [CP] Check Pods Manifest.lock */,
				B6882A862518B6570098C221 /* Run swift-format Script */,
				B6882A322518967D0098C221 /* Sources */,
				B6882A332518967D0098C221 /* Frameworks */,
				B6882A342518967D0098C221 /* Resources */,
				C0C535AA74E7A508A161B5B3 /* [CP] Embed Pods Frameworks */,
			);
			buildRules = (
			);
			dependencies = (
			);
			name = "FirestoreTodo (iOS)";
			productName = "FirestoreTodo (iOS)";
			productReference = B6882A362518967D0098C221 /* FirestoreTodo.app */;
			productType = "com.apple.product-type.application";
		};
		B6882A3C2518967D0098C221 /* FirestoreTodo (macOS) */ = {
			isa = PBXNativeTarget;
			buildConfigurationList = B6882A602518967D0098C221 /* Build configuration list for PBXNativeTarget "FirestoreTodo (macOS)" */;
			buildPhases = (
				30F1F53E3B41B18C90E45E05 /* [CP] Check Pods Manifest.lock */,
				B6882A392518967D0098C221 /* Sources */,
				B6882A3A2518967D0098C221 /* Frameworks */,
				B6882A3B2518967D0098C221 /* Resources */,
			);
			buildRules = (
			);
			dependencies = (
			);
			name = "FirestoreTodo (macOS)";
			productName = "FirestoreTodo (macOS)";
			productReference = B6882A3D2518967D0098C221 /* FirestoreTodo.app */;
			productType = "com.apple.product-type.application";
		};
		B6882A442518967D0098C221 /* Tests iOS */ = {
			isa = PBXNativeTarget;
			buildConfigurationList = B6882A632518967D0098C221 /* Build configuration list for PBXNativeTarget "Tests iOS" */;
			buildPhases = (
				B6882A412518967D0098C221 /* Sources */,
				B6882A422518967D0098C221 /* Frameworks */,
				B6882A432518967D0098C221 /* Resources */,
			);
			buildRules = (
			);
			dependencies = (
				B6882A472518967D0098C221 /* PBXTargetDependency */,
			);
			name = "Tests iOS";
			productName = "Tests iOS";
			productReference = B6882A452518967D0098C221 /* Tests iOS.xctest */;
			productType = "com.apple.product-type.bundle.ui-testing";
		};
		B6882A4F2518967D0098C221 /* Tests macOS */ = {
			isa = PBXNativeTarget;
			buildConfigurationList = B6882A662518967D0098C221 /* Build configuration list for PBXNativeTarget "Tests macOS" */;
			buildPhases = (
				B6882A4C2518967D0098C221 /* Sources */,
				B6882A4D2518967D0098C221 /* Frameworks */,
				B6882A4E2518967D0098C221 /* Resources */,
			);
			buildRules = (
			);
			dependencies = (
				B6882A522518967D0098C221 /* PBXTargetDependency */,
			);
			name = "Tests macOS";
			productName = "Tests macOS";
			productReference = B6882A502518967D0098C221 /* Tests macOS.xctest */;
			productType = "com.apple.product-type.bundle.ui-testing";
		};
/* End PBXNativeTarget section */

/* Begin PBXProject section */
		B6DFD23924C85E2C00EDA575 /* Project object */ = {
			isa = PBXProject;
			attributes = {
				LastSwiftUpdateCheck = 1220;
				LastUpgradeCheck = 1220;
				ORGANIZATIONNAME = hiraoka;
				TargetAttributes = {
					B6882A352518967D0098C221 = {
						CreatedOnToolsVersion = 12.2;
					};
					B6882A3C2518967D0098C221 = {
						CreatedOnToolsVersion = 12.2;
					};
					B6882A442518967D0098C221 = {
						CreatedOnToolsVersion = 12.2;
						TestTargetID = B6882A352518967D0098C221;
					};
					B6882A4F2518967D0098C221 = {
						CreatedOnToolsVersion = 12.2;
						TestTargetID = B6882A3C2518967D0098C221;
					};
				};
			};
			buildConfigurationList = B6DFD23C24C85E2C00EDA575 /* Build configuration list for PBXProject "FirestoreTodo" */;
			compatibilityVersion = "Xcode 9.3";
			developmentRegion = en;
			hasScannedForEncodings = 0;
			knownRegions = (
				en,
				Base,
			);
			mainGroup = B6DFD23824C85E2C00EDA575;
			productRefGroup = B6DFD24224C85E2C00EDA575 /* Products */;
			projectDirPath = "";
			projectRoot = "";
			targets = (
				B6882A352518967D0098C221 /* FirestoreTodo (iOS) */,
				B6882A3C2518967D0098C221 /* FirestoreTodo (macOS) */,
				B6882A442518967D0098C221 /* Tests iOS */,
				B6882A4F2518967D0098C221 /* Tests macOS */,
			);
		};
/* End PBXProject section */

/* Begin PBXResourcesBuildPhase section */
		B6882A342518967D0098C221 /* Resources */ = {
			isa = PBXResourcesBuildPhase;
			buildActionMask = 2147483647;
			files = (
				B6882A5B2518967D0098C221 /* Assets.xcassets in Resources */,
				B693FE5425189ED00060D24F /* GoogleService-Info.plist in Resources */,
			);
			runOnlyForDeploymentPostprocessing = 0;
		};
		B6882A3B2518967D0098C221 /* Resources */ = {
			isa = PBXResourcesBuildPhase;
			buildActionMask = 2147483647;
			files = (
				B6882A5C2518967D0098C221 /* Assets.xcassets in Resources */,
				B693FE5525189ED00060D24F /* GoogleService-Info.plist in Resources */,
			);
			runOnlyForDeploymentPostprocessing = 0;
		};
		B6882A432518967D0098C221 /* Resources */ = {
			isa = PBXResourcesBuildPhase;
			buildActionMask = 2147483647;
			files = (
			);
			runOnlyForDeploymentPostprocessing = 0;
		};
		B6882A4E2518967D0098C221 /* Resources */ = {
			isa = PBXResourcesBuildPhase;
			buildActionMask = 2147483647;
			files = (
			);
			runOnlyForDeploymentPostprocessing = 0;
		};
/* End PBXResourcesBuildPhase section */

/* Begin PBXShellScriptBuildPhase section */
		30F1F53E3B41B18C90E45E05 /* [CP] Check Pods Manifest.lock */ = {
			isa = PBXShellScriptBuildPhase;
			buildActionMask = 2147483647;
			files = (
			);
			inputFileListPaths = (
			);
			inputPaths = (
				"${PODS_PODFILE_DIR_PATH}/Podfile.lock",
				"${PODS_ROOT}/Manifest.lock",
			);
			name = "[CP] Check Pods Manifest.lock";
			outputFileListPaths = (
			);
			outputPaths = (
				"$(DERIVED_FILE_DIR)/Pods-FirestoreTodo (macOS)-checkManifestLockResult.txt",
			);
			runOnlyForDeploymentPostprocessing = 0;
			shellPath = /bin/sh;
			shellScript = "diff \"${PODS_PODFILE_DIR_PATH}/Podfile.lock\" \"${PODS_ROOT}/Manifest.lock\" > /dev/null\nif [ $? != 0 ] ; then\n    # print error to STDERR\n    echo \"error: The sandbox is not in sync with the Podfile.lock. Run 'pod install' or update your CocoaPods installation.\" >&2\n    exit 1\nfi\n# This output is used by Xcode 'outputs' to avoid re-running this script phase.\necho \"SUCCESS\" > \"${SCRIPT_OUTPUT_FILE_0}\"\n";
			showEnvVarsInLog = 0;
		};
		8B2D62CD386786A30964E516 /* [CP] Check Pods Manifest.lock */ = {
			isa = PBXShellScriptBuildPhase;
			buildActionMask = 2147483647;
			files = (
			);
			inputFileListPaths = (
			);
			inputPaths = (
				"${PODS_PODFILE_DIR_PATH}/Podfile.lock",
				"${PODS_ROOT}/Manifest.lock",
			);
			name = "[CP] Check Pods Manifest.lock";
			outputFileListPaths = (
			);
			outputPaths = (
				"$(DERIVED_FILE_DIR)/Pods-FirestoreTodo (iOS)-checkManifestLockResult.txt",
			);
			runOnlyForDeploymentPostprocessing = 0;
			shellPath = /bin/sh;
			shellScript = "diff \"${PODS_PODFILE_DIR_PATH}/Podfile.lock\" \"${PODS_ROOT}/Manifest.lock\" > /dev/null\nif [ $? != 0 ] ; then\n    # print error to STDERR\n    echo \"error: The sandbox is not in sync with the Podfile.lock. Run 'pod install' or update your CocoaPods installation.\" >&2\n    exit 1\nfi\n# This output is used by Xcode 'outputs' to avoid re-running this script phase.\necho \"SUCCESS\" > \"${SCRIPT_OUTPUT_FILE_0}\"\n";
			showEnvVarsInLog = 0;
		};
		B6882A862518B6570098C221 /* Run swift-format Script */ = {
			isa = PBXShellScriptBuildPhase;
			buildActionMask = 2147483647;
			files = (
			);
			inputFileListPaths = (
			);
			inputPaths = (
			);
			name = "Run swift-format Script";
			outputFileListPaths = (
			);
			outputPaths = (
			);
			runOnlyForDeploymentPostprocessing = 0;
			shellPath = /bin/sh;
			shellScript = "cd BuildTools\nSDKROOT=macosx\nswift run -c release swift-format -r $SRCROOT/Shared/ -i --configuration .swift-format\n";
		};
		C0C535AA74E7A508A161B5B3 /* [CP] Embed Pods Frameworks */ = {
			isa = PBXShellScriptBuildPhase;
			buildActionMask = 2147483647;
			files = (
			);
			inputFileListPaths = (
				"${PODS_ROOT}/Target Support Files/Pods-FirestoreTodo (iOS)/Pods-FirestoreTodo (iOS)-frameworks-${CONFIGURATION}-input-files.xcfilelist",
			);
			name = "[CP] Embed Pods Frameworks";
			outputFileListPaths = (
				"${PODS_ROOT}/Target Support Files/Pods-FirestoreTodo (iOS)/Pods-FirestoreTodo (iOS)-frameworks-${CONFIGURATION}-output-files.xcfilelist",
			);
			runOnlyForDeploymentPostprocessing = 0;
			shellPath = /bin/sh;
			shellScript = "\"${PODS_ROOT}/Target Support Files/Pods-FirestoreTodo (iOS)/Pods-FirestoreTodo (iOS)-frameworks.sh\"\n";
			showEnvVarsInLog = 0;
		};
/* End PBXShellScriptBuildPhase section */

/* Begin PBXSourcesBuildPhase section */
		B6882A322518967D0098C221 /* Sources */ = {
			isa = PBXSourcesBuildPhase;
			buildActionMask = 2147483647;
			files = (
				B693FDFC25189A490060D24F /* TaskRepository.swift in Sources */,
				B693FDFD25189A490060D24F /* UserRepository.swift in Sources */,
				B693FDFE25189A490060D24F /* SignInWithAppleCoordinator.swift in Sources */,
				B693FDFF25189A490060D24F /* Task.swift in Sources */,
				B693FE0025189A490060D24F /* User.swift in Sources */,
				B693FE0125189A490060D24F /* TaskCellViewModel.swift in Sources */,
				B693FE0225189A490060D24F /* TaskListViewModel.swift in Sources */,
				B693FE0325189A490060D24F /* SignInViewModel.swift in Sources */,
				B693FE0425189A490060D24F /* AppDelegate.swift in Sources */,
				B693FE0525189A490060D24F /* SceneDelegate.swift in Sources */,
				B693FE0625189A490060D24F /* Database.swift in Sources */,
				B693FE0725189A490060D24F /* TaskListView.swift in Sources */,
				B693FE0825189A490060D24F /* SignInWithAppleButton.swift in Sources */,
				B693FE0925189A490060D24F /* SignInView.swift in Sources */,
				B6882A572518967D0098C221 /* FirestoreTodoApp.swift in Sources */,
			);
			runOnlyForDeploymentPostprocessing = 0;
		};
		B6882A392518967D0098C221 /* Sources */ = {
			isa = PBXSourcesBuildPhase;
			buildActionMask = 2147483647;
			files = (
			);
			runOnlyForDeploymentPostprocessing = 0;
		};
		B6882A412518967D0098C221 /* Sources */ = {
			isa = PBXSourcesBuildPhase;
			buildActionMask = 2147483647;
			files = (
				B6882A4A2518967D0098C221 /* Tests_iOS.swift in Sources */,
			);
			runOnlyForDeploymentPostprocessing = 0;
		};
		B6882A4C2518967D0098C221 /* Sources */ = {
			isa = PBXSourcesBuildPhase;
			buildActionMask = 2147483647;
			files = (
				B6882A552518967D0098C221 /* Tests_macOS.swift in Sources */,
			);
			runOnlyForDeploymentPostprocessing = 0;
		};
/* End PBXSourcesBuildPhase section */

/* Begin PBXTargetDependency section */
		B6882A472518967D0098C221 /* PBXTargetDependency */ = {
			isa = PBXTargetDependency;
			target = B6882A352518967D0098C221 /* FirestoreTodo (iOS) */;
			targetProxy = B6882A462518967D0098C221 /* PBXContainerItemProxy */;
		};
		B6882A522518967D0098C221 /* PBXTargetDependency */ = {
			isa = PBXTargetDependency;
			target = B6882A3C2518967D0098C221 /* FirestoreTodo (macOS) */;
			targetProxy = B6882A512518967D0098C221 /* PBXContainerItemProxy */;
		};
/* End PBXTargetDependency section */

/* Begin XCBuildConfiguration section */
		B6882A5E2518967D0098C221 /* Debug */ = {
			isa = XCBuildConfiguration;
			baseConfigurationReference = D17BB70FA2C7217F219430DA /* Pods-FirestoreTodo (iOS).debug.xcconfig */;
			buildSettings = {
				ASSETCATALOG_COMPILER_APPICON_NAME = AppIcon;
				ASSETCATALOG_COMPILER_GLOBAL_ACCENT_COLOR_NAME = AccentColor;
				CLANG_WARN_QUOTED_INCLUDE_IN_FRAMEWORK_HEADER = YES;
				CODE_SIGN_ENTITLEMENTS = FirestoreTodo.entitlements;
				CODE_SIGN_STYLE = Automatic;
				DEVELOPMENT_TEAM = 8ER86CP2SB;
				ENABLE_PREVIEWS = YES;
				INFOPLIST_FILE = iOS/Info.plist;
				IPHONEOS_DEPLOYMENT_TARGET = 14.0;
				LD_RUNPATH_SEARCH_PATHS = (
					"$(inherited)",
					"@executable_path/Frameworks",
				);
				PRODUCT_BUNDLE_IDENTIFIER = com.moca.hira22.sample.FirestoreTodo;
				PRODUCT_NAME = FirestoreTodo;
				SDKROOT = iphoneos;
				SWIFT_VERSION = 5.0;
				TARGETED_DEVICE_FAMILY = "1,2";
			};
			name = Debug;
		};
		B6882A5F2518967D0098C221 /* Release */ = {
			isa = XCBuildConfiguration;
			baseConfigurationReference = 031BC17F10A9B57A9542ABAD /* Pods-FirestoreTodo (iOS).release.xcconfig */;
			buildSettings = {
				ASSETCATALOG_COMPILER_APPICON_NAME = AppIcon;
				ASSETCATALOG_COMPILER_GLOBAL_ACCENT_COLOR_NAME = AccentColor;
				CLANG_WARN_QUOTED_INCLUDE_IN_FRAMEWORK_HEADER = YES;
				CODE_SIGN_ENTITLEMENTS = FirestoreTodo.entitlements;
				CODE_SIGN_STYLE = Automatic;
				DEVELOPMENT_TEAM = 8ER86CP2SB;
				ENABLE_PREVIEWS = YES;
				INFOPLIST_FILE = iOS/Info.plist;
				IPHONEOS_DEPLOYMENT_TARGET = 14.0;
				LD_RUNPATH_SEARCH_PATHS = (
					"$(inherited)",
					"@executable_path/Frameworks",
				);
				PRODUCT_BUNDLE_IDENTIFIER = com.moca.hira22.sample.FirestoreTodo;
				PRODUCT_NAME = FirestoreTodo;
				SDKROOT = iphoneos;
				SWIFT_VERSION = 5.0;
				TARGETED_DEVICE_FAMILY = "1,2";
				VALIDATE_PRODUCT = YES;
			};
			name = Release;
		};
		B6882A612518967D0098C221 /* Debug */ = {
			isa = XCBuildConfiguration;
			baseConfigurationReference = 3893987F7C5E1E99893B0631 /* Pods-FirestoreTodo (macOS).debug.xcconfig */;
			buildSettings = {
				ASSETCATALOG_COMPILER_APPICON_NAME = AppIcon;
				ASSETCATALOG_COMPILER_GLOBAL_ACCENT_COLOR_NAME = AccentColor;
				CLANG_WARN_QUOTED_INCLUDE_IN_FRAMEWORK_HEADER = YES;
				CODE_SIGN_ENTITLEMENTS = macOS/macOS.entitlements;
				CODE_SIGN_IDENTITY = "-";
				CODE_SIGN_STYLE = Automatic;
				COMBINE_HIDPI_IMAGES = YES;
				DEVELOPMENT_TEAM = 8ER86CP2SB;
				ENABLE_HARDENED_RUNTIME = YES;
				ENABLE_PREVIEWS = YES;
				INFOPLIST_FILE = macOS/Info.plist;
				LD_RUNPATH_SEARCH_PATHS = (
					"$(inherited)",
					"@executable_path/../Frameworks",
				);
				MACOSX_DEPLOYMENT_TARGET = 11.0;
				PRODUCT_BUNDLE_IDENTIFIER = com.moca.hira22.sample.FirestoreTodo;
				PRODUCT_NAME = FirestoreTodo;
				SDKROOT = macosx;
				SWIFT_VERSION = 5.0;
			};
			name = Debug;
		};
		B6882A622518967D0098C221 /* Release */ = {
			isa = XCBuildConfiguration;
			baseConfigurationReference = AF02D82991B48780C6342E34 /* Pods-FirestoreTodo (macOS).release.xcconfig */;
			buildSettings = {
				ASSETCATALOG_COMPILER_APPICON_NAME = AppIcon;
				ASSETCATALOG_COMPILER_GLOBAL_ACCENT_COLOR_NAME = AccentColor;
				CLANG_WARN_QUOTED_INCLUDE_IN_FRAMEWORK_HEADER = YES;
				CODE_SIGN_ENTITLEMENTS = macOS/macOS.entitlements;
				CODE_SIGN_IDENTITY = "-";
				CODE_SIGN_STYLE = Automatic;
				COMBINE_HIDPI_IMAGES = YES;
				DEVELOPMENT_TEAM = 8ER86CP2SB;
				ENABLE_HARDENED_RUNTIME = YES;
				ENABLE_PREVIEWS = YES;
				INFOPLIST_FILE = macOS/Info.plist;
				LD_RUNPATH_SEARCH_PATHS = (
					"$(inherited)",
					"@executable_path/../Frameworks",
				);
				MACOSX_DEPLOYMENT_TARGET = 11.0;
				PRODUCT_BUNDLE_IDENTIFIER = com.moca.hira22.sample.FirestoreTodo;
				PRODUCT_NAME = FirestoreTodo;
				SDKROOT = macosx;
				SWIFT_VERSION = 5.0;
			};
			name = Release;
		};
		B6882A642518967D0098C221 /* Debug */ = {
			isa = XCBuildConfiguration;
			buildSettings = {
				ALWAYS_EMBED_SWIFT_STANDARD_LIBRARIES = YES;
				CLANG_WARN_QUOTED_INCLUDE_IN_FRAMEWORK_HEADER = YES;
				CODE_SIGN_STYLE = Automatic;
				DEVELOPMENT_TEAM = 8ER86CP2SB;
				INFOPLIST_FILE = "Tests iOS/Info.plist";
				IPHONEOS_DEPLOYMENT_TARGET = 14.2;
				LD_RUNPATH_SEARCH_PATHS = (
					"$(inherited)",
					"@executable_path/Frameworks",
					"@loader_path/Frameworks",
				);
				PRODUCT_BUNDLE_IDENTIFIER = "com.moca.hira22.sample.Tests-iOS";
				PRODUCT_NAME = "$(TARGET_NAME)";
				SWIFT_VERSION = 5.0;
				TARGETED_DEVICE_FAMILY = "1,2";
				TEST_TARGET_NAME = "FirestoreTodo (iOS)";
			};
			name = Debug;
		};
		B6882A652518967D0098C221 /* Release */ = {
			isa = XCBuildConfiguration;
			buildSettings = {
				ALWAYS_EMBED_SWIFT_STANDARD_LIBRARIES = YES;
				CLANG_WARN_QUOTED_INCLUDE_IN_FRAMEWORK_HEADER = YES;
				CODE_SIGN_STYLE = Automatic;
				DEVELOPMENT_TEAM = 8ER86CP2SB;
				INFOPLIST_FILE = "Tests iOS/Info.plist";
				IPHONEOS_DEPLOYMENT_TARGET = 14.2;
				LD_RUNPATH_SEARCH_PATHS = (
					"$(inherited)",
					"@executable_path/Frameworks",
					"@loader_path/Frameworks",
				);
				PRODUCT_BUNDLE_IDENTIFIER = "com.moca.hira22.sample.Tests-iOS";
				PRODUCT_NAME = "$(TARGET_NAME)";
				SWIFT_VERSION = 5.0;
				TARGETED_DEVICE_FAMILY = "1,2";
				TEST_TARGET_NAME = "FirestoreTodo (iOS)";
			};
			name = Release;
		};
		B6882A672518967D0098C221 /* Debug */ = {
			isa = XCBuildConfiguration;
			buildSettings = {
				CLANG_WARN_QUOTED_INCLUDE_IN_FRAMEWORK_HEADER = YES;
				CODE_SIGN_STYLE = Automatic;
				COMBINE_HIDPI_IMAGES = YES;
				DEVELOPMENT_TEAM = 8ER86CP2SB;
				INFOPLIST_FILE = "Tests macOS/Info.plist";
				LD_RUNPATH_SEARCH_PATHS = (
					"$(inherited)",
					"@executable_path/../Frameworks",
					"@loader_path/../Frameworks",
				);
				MACOSX_DEPLOYMENT_TARGET = 10.15;
				PRODUCT_BUNDLE_IDENTIFIER = "com.moca.hira22.sample.Tests-macOS";
				PRODUCT_NAME = "$(TARGET_NAME)";
				SDKROOT = macosx;
				SWIFT_VERSION = 5.0;
				TEST_TARGET_NAME = "FirestoreTodo (macOS)";
			};
			name = Debug;
		};
		B6882A682518967D0098C221 /* Release */ = {
			isa = XCBuildConfiguration;
			buildSettings = {
				CLANG_WARN_QUOTED_INCLUDE_IN_FRAMEWORK_HEADER = YES;
				CODE_SIGN_STYLE = Automatic;
				COMBINE_HIDPI_IMAGES = YES;
				DEVELOPMENT_TEAM = 8ER86CP2SB;
				INFOPLIST_FILE = "Tests macOS/Info.plist";
				LD_RUNPATH_SEARCH_PATHS = (
					"$(inherited)",
					"@executable_path/../Frameworks",
					"@loader_path/../Frameworks",
				);
				MACOSX_DEPLOYMENT_TARGET = 10.15;
				PRODUCT_BUNDLE_IDENTIFIER = "com.moca.hira22.sample.Tests-macOS";
				PRODUCT_NAME = "$(TARGET_NAME)";
				SDKROOT = macosx;
				SWIFT_VERSION = 5.0;
				TEST_TARGET_NAME = "FirestoreTodo (macOS)";
			};
			name = Release;
		};
		B6DFD26924C85E2D00EDA575 /* Debug */ = {
			isa = XCBuildConfiguration;
			buildSettings = {
				ALWAYS_EMBED_SWIFT_STANDARD_LIBRARIES = "$(inherited)";
				ALWAYS_SEARCH_USER_PATHS = NO;
				CLANG_ANALYZER_NONNULL = YES;
				CLANG_ANALYZER_NUMBER_OBJECT_CONVERSION = YES_AGGRESSIVE;
				CLANG_CXX_LANGUAGE_STANDARD = "gnu++14";
				CLANG_CXX_LIBRARY = "libc++";
				CLANG_ENABLE_MODULES = YES;
				CLANG_ENABLE_OBJC_ARC = YES;
				CLANG_ENABLE_OBJC_WEAK = YES;
				CLANG_WARN_BLOCK_CAPTURE_AUTORELEASING = YES;
				CLANG_WARN_BOOL_CONVERSION = YES;
				CLANG_WARN_COMMA = YES;
				CLANG_WARN_CONSTANT_CONVERSION = YES;
				CLANG_WARN_DEPRECATED_OBJC_IMPLEMENTATIONS = YES;
				CLANG_WARN_DIRECT_OBJC_ISA_USAGE = YES_ERROR;
				CLANG_WARN_DOCUMENTATION_COMMENTS = YES;
				CLANG_WARN_EMPTY_BODY = YES;
				CLANG_WARN_ENUM_CONVERSION = YES;
				CLANG_WARN_INFINITE_RECURSION = YES;
				CLANG_WARN_INT_CONVERSION = YES;
				CLANG_WARN_NON_LITERAL_NULL_CONVERSION = YES;
				CLANG_WARN_OBJC_IMPLICIT_RETAIN_SELF = YES;
				CLANG_WARN_OBJC_LITERAL_CONVERSION = YES;
				CLANG_WARN_OBJC_ROOT_CLASS = YES_ERROR;
				CLANG_WARN_QUOTED_INCLUDE_IN_FRAMEWORK_HEADER = YES;
				CLANG_WARN_RANGE_LOOP_ANALYSIS = YES;
				CLANG_WARN_STRICT_PROTOTYPES = YES;
				CLANG_WARN_SUSPICIOUS_MOVE = YES;
				CLANG_WARN_UNGUARDED_AVAILABILITY = YES_AGGRESSIVE;
				CLANG_WARN_UNREACHABLE_CODE = YES;
				CLANG_WARN__DUPLICATE_METHOD_MATCH = YES;
				COPY_PHASE_STRIP = NO;
				DEBUG_INFORMATION_FORMAT = dwarf;
				ENABLE_STRICT_OBJC_MSGSEND = YES;
				ENABLE_TESTABILITY = YES;
				GCC_C_LANGUAGE_STANDARD = gnu11;
				GCC_DYNAMIC_NO_PIC = NO;
				GCC_NO_COMMON_BLOCKS = YES;
				GCC_OPTIMIZATION_LEVEL = 0;
				GCC_PREPROCESSOR_DEFINITIONS = (
					"DEBUG=1",
					"$(inherited)",
				);
				GCC_WARN_64_TO_32_BIT_CONVERSION = YES;
				GCC_WARN_ABOUT_RETURN_TYPE = YES_ERROR;
				GCC_WARN_UNDECLARED_SELECTOR = YES;
				GCC_WARN_UNINITIALIZED_AUTOS = YES_AGGRESSIVE;
				GCC_WARN_UNUSED_FUNCTION = YES;
				GCC_WARN_UNUSED_VARIABLE = YES;
				IPHONEOS_DEPLOYMENT_TARGET = 14.0;
				MTL_ENABLE_DEBUG_INFO = INCLUDE_SOURCE;
				MTL_FAST_MATH = YES;
				ONLY_ACTIVE_ARCH = YES;
				SDKROOT = iphoneos;
				SWIFT_ACTIVE_COMPILATION_CONDITIONS = DEBUG;
				SWIFT_OPTIMIZATION_LEVEL = "-Onone";
			};
			name = Debug;
		};
		B6DFD26A24C85E2D00EDA575 /* Release */ = {
			isa = XCBuildConfiguration;
			buildSettings = {
				ALWAYS_EMBED_SWIFT_STANDARD_LIBRARIES = NO;
				ALWAYS_SEARCH_USER_PATHS = NO;
				CLANG_ANALYZER_NONNULL = YES;
				CLANG_ANALYZER_NUMBER_OBJECT_CONVERSION = YES_AGGRESSIVE;
				CLANG_CXX_LANGUAGE_STANDARD = "gnu++14";
				CLANG_CXX_LIBRARY = "libc++";
				CLANG_ENABLE_MODULES = YES;
				CLANG_ENABLE_OBJC_ARC = YES;
				CLANG_ENABLE_OBJC_WEAK = YES;
				CLANG_WARN_BLOCK_CAPTURE_AUTORELEASING = YES;
				CLANG_WARN_BOOL_CONVERSION = YES;
				CLANG_WARN_COMMA = YES;
				CLANG_WARN_CONSTANT_CONVERSION = YES;
				CLANG_WARN_DEPRECATED_OBJC_IMPLEMENTATIONS = YES;
				CLANG_WARN_DIRECT_OBJC_ISA_USAGE = YES_ERROR;
				CLANG_WARN_DOCUMENTATION_COMMENTS = YES;
				CLANG_WARN_EMPTY_BODY = YES;
				CLANG_WARN_ENUM_CONVERSION = YES;
				CLANG_WARN_INFINITE_RECURSION = YES;
				CLANG_WARN_INT_CONVERSION = YES;
				CLANG_WARN_NON_LITERAL_NULL_CONVERSION = YES;
				CLANG_WARN_OBJC_IMPLICIT_RETAIN_SELF = YES;
				CLANG_WARN_OBJC_LITERAL_CONVERSION = YES;
				CLANG_WARN_OBJC_ROOT_CLASS = YES_ERROR;
				CLANG_WARN_QUOTED_INCLUDE_IN_FRAMEWORK_HEADER = YES;
				CLANG_WARN_RANGE_LOOP_ANALYSIS = YES;
				CLANG_WARN_STRICT_PROTOTYPES = YES;
				CLANG_WARN_SUSPICIOUS_MOVE = YES;
				CLANG_WARN_UNGUARDED_AVAILABILITY = YES_AGGRESSIVE;
				CLANG_WARN_UNREACHABLE_CODE = YES;
				CLANG_WARN__DUPLICATE_METHOD_MATCH = YES;
				COPY_PHASE_STRIP = NO;
				DEBUG_INFORMATION_FORMAT = "dwarf-with-dsym";
				ENABLE_NS_ASSERTIONS = NO;
				ENABLE_STRICT_OBJC_MSGSEND = YES;
				GCC_C_LANGUAGE_STANDARD = gnu11;
				GCC_NO_COMMON_BLOCKS = YES;
				GCC_WARN_64_TO_32_BIT_CONVERSION = YES;
				GCC_WARN_ABOUT_RETURN_TYPE = YES_ERROR;
				GCC_WARN_UNDECLARED_SELECTOR = YES;
				GCC_WARN_UNINITIALIZED_AUTOS = YES_AGGRESSIVE;
				GCC_WARN_UNUSED_FUNCTION = YES;
				GCC_WARN_UNUSED_VARIABLE = YES;
				IPHONEOS_DEPLOYMENT_TARGET = 14.0;
				MTL_ENABLE_DEBUG_INFO = NO;
				MTL_FAST_MATH = YES;
				SDKROOT = iphoneos;
				SWIFT_COMPILATION_MODE = wholemodule;
				SWIFT_OPTIMIZATION_LEVEL = "-O";
				VALIDATE_PRODUCT = YES;
			};
			name = Release;
		};
/* End XCBuildConfiguration section */

/* Begin XCConfigurationList section */
		B6882A5D2518967D0098C221 /* Build configuration list for PBXNativeTarget "FirestoreTodo (iOS)" */ = {
			isa = XCConfigurationList;
			buildConfigurations = (
				B6882A5E2518967D0098C221 /* Debug */,
				B6882A5F2518967D0098C221 /* Release */,
			);
			defaultConfigurationIsVisible = 0;
			defaultConfigurationName = Release;
		};
		B6882A602518967D0098C221 /* Build configuration list for PBXNativeTarget "FirestoreTodo (macOS)" */ = {
			isa = XCConfigurationList;
			buildConfigurations = (
				B6882A612518967D0098C221 /* Debug */,
				B6882A622518967D0098C221 /* Release */,
			);
			defaultConfigurationIsVisible = 0;
			defaultConfigurationName = Release;
		};
		B6882A632518967D0098C221 /* Build configuration list for PBXNativeTarget "Tests iOS" */ = {
			isa = XCConfigurationList;
			buildConfigurations = (
				B6882A642518967D0098C221 /* Debug */,
				B6882A652518967D0098C221 /* Release */,
			);
			defaultConfigurationIsVisible = 0;
			defaultConfigurationName = Release;
		};
		B6882A662518967D0098C221 /* Build configuration list for PBXNativeTarget "Tests macOS" */ = {
			isa = XCConfigurationList;
			buildConfigurations = (
				B6882A672518967D0098C221 /* Debug */,
				B6882A682518967D0098C221 /* Release */,
			);
			defaultConfigurationIsVisible = 0;
			defaultConfigurationName = Release;
		};
		B6DFD23C24C85E2C00EDA575 /* Build configuration list for PBXProject "FirestoreTodo" */ = {
			isa = XCConfigurationList;
			buildConfigurations = (
				B6DFD26924C85E2D00EDA575 /* Debug */,
				B6DFD26A24C85E2D00EDA575 /* Release */,
			);
			defaultConfigurationIsVisible = 0;
			defaultConfigurationName = Release;
		};
/* End XCConfigurationList section */
	};
	rootObject = B6DFD23924C85E2C00EDA575 /* Project object */;
}
